
Microsoft Visual Studio Solution File, Format Version 12.00
# Visual Studio Version 17
VisualStudioVersion = 17.6.33801.468
MinimumVisualStudioVersion = 10.0.40219.1
Project("{2150E333-8FDC-42A3-9474-1A3956D46DE8}") = "Clients", "Clients", "{AEAE39EE-3307-45F2-AEAE-989878048D7A}"
EndProject
Project("{2150E333-8FDC-42A3-9474-1A3956D46DE8}") = "Components", "Components", "{CC83C577-0261-44F4-9C6C-9E60866CC84E}"
EndProject
Project("{2150E333-8FDC-42A3-9474-1A3956D46DE8}") = "Infrastructure", "Infrastructure", "{983EEA91-FC5F-4E80-9784-97F71D527395}"
EndProject
Project("{2150E333-8FDC-42A3-9474-1A3956D46DE8}") = "Accessors", "Accessors", "{BD8BA1B6-DFFE-4E51-89D3-160361544421}"
EndProject
Project("{2150E333-8FDC-42A3-9474-1A3956D46DE8}") = "Engines", "Engines", "{3F8AD994-8D98-4584-BAD2-0F2C31AA779D}"
EndProject
Project("{2150E333-8FDC-42A3-9474-1A3956D46DE8}") = "Managers", "Managers", "{AFD5C53C-850F-4C88-B043-E189CC2566DE}"
EndProject
Project("{2150E333-8FDC-42A3-9474-1A3956D46DE8}") = "Framework", "Framework", "{0D0170AA-A98C-4A1A-B47A-89B15B4CB96F}"
EndProject
Project("{2150E333-8FDC-42A3-9474-1A3956D46DE8}") = "Utilties", "Utilties", "{3761446C-988F-4644-9F71-B63E3415800C}"
EndProject
Project("{2150E333-8FDC-42A3-9474-1A3956D46DE8}") = "Resources", "Resources", "{4539D16A-B4B6-47D6-914D-015953A6C8A0}"
EndProject
Project("{2150E333-8FDC-42A3-9474-1A3956D46DE8}") = "Tests", "Tests", "{44592D30-3242-434E-8093-DEBBCED1C7B9}"
EndProject
Project("{2150E333-8FDC-42A3-9474-1A3956D46DE8}") = "Randomizer", "Randomizer", "{BAEACC6B-A5BC-4A1D-A2E9-253FB3F0F503}"
EndProject
Project("{2150E333-8FDC-42A3-9474-1A3956D46DE8}") = "Gamer", "Gamer", "{0C1CC2CA-FFDB-4E4B-9D2E-DD412DB5DF5D}"
EndProject
Project("{2150E333-8FDC-42A3-9474-1A3956D46DE8}") = "GameSessions", "GameSessions", "{7D628FAD-A85B-4396-A151-3E514422BBA3}"
EndProject
Project("{2150E333-8FDC-42A3-9474-1A3956D46DE8}") = "GamePlayers", "GamePlayers", "{3646FC40-B550-43F9-AE84-4734AF144883}"
EndProject
Project("{2150E333-8FDC-42A3-9474-1A3956D46DE8}") = "GameDefinitions", "GameDefinitions", "{B5FCE333-7968-4CE1-9F67-4D82A5BE6A5C}"
EndProject
Project("{2150E333-8FDC-42A3-9474-1A3956D46DE8}") = "Storage", "Storage", "{CDB90B43-7E5C-4AEC-AF87-09BD4ADD8852}"
EndProject
Project("{9A19103F-16F7-4668-BE54-9A1E7A4F7556}") = "VisionaryCoder.Resource.Storage.GamerDb", "VisionaryCoder.Resource.Storage.GamerDb\VisionaryCoder.Resource.Storage.GamerDb.csproj", "{E2297176-95A1-4093-A64E-809599E5FF78}"
EndProject
Project("{9A19103F-16F7-4668-BE54-9A1E7A4F7556}") = "VisionaryCoder.Access.GameDefinitions.Service", "VisionaryCoder.Access.GameDefinitions.Service\VisionaryCoder.Access.GameDefinitions.Service.csproj", "{969AAABF-579A-4910-B8BE-FDD80F2EFA22}"
EndProject
Project("{9A19103F-16F7-4668-BE54-9A1E7A4F7556}") = "VisionaryCoder.Access.GameDefinitions.Contract", "VisionaryCoder.Access.GameDefinitions.Contract\VisionaryCoder.Access.GameDefinitions.Contract.csproj", "{7D9F1F94-1B1A-4086-AECD-B6620D5F4D59}"
EndProject
Project("{9A19103F-16F7-4668-BE54-9A1E7A4F7556}") = "VisionaryCoder.Access.GamePlayers.Contract", "VisionaryCoder.Access.GamePlayers.Contract\VisionaryCoder.Access.GamePlayers.Contract.csproj", "{8606D59A-8D07-4F18-965B-526B3DF2DBB2}"
EndProject
Project("{9A19103F-16F7-4668-BE54-9A1E7A4F7556}") = "VisionaryCoder.Access.GamePlayers.Service", "VisionaryCoder.Access.GamePlayers.Service\VisionaryCoder.Access.GamePlayers.Service.csproj", "{F2440206-EA7C-44A2-BD3F-C7C342B96A47}"
EndProject
Project("{9A19103F-16F7-4668-BE54-9A1E7A4F7556}") = "VisionaryCoder.Access.GameSessions.Service", "VisionaryCoder.Access.GameSessions.Service\VisionaryCoder.Access.GameSessions.Service.csproj", "{4E0C85DC-7638-40C6-A6BD-03B36E0E718F}"
EndProject
Project("{9A19103F-16F7-4668-BE54-9A1E7A4F7556}") = "VisionaryCoder.Access.GameSessions.Contract", "VisionaryCoder.Access.GameSessions.Contract\VisionaryCoder.Access.GameSessions.Contract.csproj", "{A8EC5194-C458-4740-9B32-D6909C8A389F}"
EndProject
Project("{2150E333-8FDC-42A3-9474-1A3956D46DE8}") = "GameBoards", "GameBoards", "{8B62D914-770F-4FEE-9EA5-D16004C88298}"
EndProject
Project("{2150E333-8FDC-42A3-9474-1A3956D46DE8}") = "Validation", "Validation", "{8B804102-F724-462B-BACD-62973042A2FF}"
EndProject
Project("{2150E333-8FDC-42A3-9474-1A3956D46DE8}") = "Rules", "Rules", "{4B8B9549-D4AF-423F-BB24-74F311072472}"
EndProject
Project("{2150E333-8FDC-42A3-9474-1A3956D46DE8}") = "Rules", "Rules", "{5710F5BB-6ABF-493C-BD61-05B640C99DCD}"
EndProject
Project("{9A19103F-16F7-4668-BE54-9A1E7A4F7556}") = "VisionaryCoder.Access.Rules.Contract", "VisionaryCoder.Access.Rules.Contract\VisionaryCoder.Access.Rules.Contract.csproj", "{D16E4E67-199C-49AA-A88B-BDC3C71CD80F}"
EndProject
Project("{9A19103F-16F7-4668-BE54-9A1E7A4F7556}") = "VisionaryCoder.Access.Rules.Service", "VisionaryCoder.Access.Rules.Service\VisionaryCoder.Access.Rules.Service.csproj", "{2DB74E7C-312B-4ED1-A18C-E479C63ED542}"
EndProject
Project("{9A19103F-16F7-4668-BE54-9A1E7A4F7556}") = "VisionaryCoder.ifx", "VisionaryCoder.ifx\VisionaryCoder.ifx.csproj", "{98C21390-9D10-45F2-9C2E-4B78C442FA53}"
EndProject
Project("{9A19103F-16F7-4668-BE54-9A1E7A4F7556}") = "VisionaryCoder.Engine.GamePlayValidation.Service", "VisionaryCoder.Engine.GamePlayValidation.Service\VisionaryCoder.Engine.GamePlayValidation.Service.csproj", "{24346119-AA86-4EAB-8DB5-114ED6E5C55F}"
EndProject
Project("{9A19103F-16F7-4668-BE54-9A1E7A4F7556}") = "VisionaryCoder.Engine.GamePlayValidation.Contract", "VisionaryCoder.Engine.GamePlayValidation.Contract\VisionaryCoder.Engine.GamePlayValidation.Contract.csproj", "{698AFE12-EA87-4267-A236-C9A693BA0F9F}"
EndProject
Project("{2150E333-8FDC-42A3-9474-1A3956D46DE8}") = "Individuals", "Individuals", "{42ECE45B-40FB-4D3C-A4EE-CC430BF0E556}"
EndProject
Project("{9A19103F-16F7-4668-BE54-9A1E7A4F7556}") = "VisionaryCoder.Access.Individuals.Contract", "VisionaryCoder.Access.Individuals.Contract\VisionaryCoder.Access.Individuals.Contract.csproj", "{C8FB937C-A487-47F4-AE7C-6D3E08428125}"
EndProject
Project("{9A19103F-16F7-4668-BE54-9A1E7A4F7556}") = "VisionaryCoder.Access.Individuals.Service", "VisionaryCoder.Access.Individuals.Service\VisionaryCoder.Access.Individuals.Service.csproj", "{CCED7089-8144-485C-95CF-06DE22A7B1AC}"
EndProject
Project("{9A19103F-16F7-4668-BE54-9A1E7A4F7556}") = "VisionaryCoder.Engine.GameBoards.Service", "VisionaryCoder.Engine.GameBoards.Service\VisionaryCoder.Engine.GameBoards.Service.csproj", "{367CD472-DA9D-49B2-8DFE-55378EEC9611}"
EndProject
Project("{9A19103F-16F7-4668-BE54-9A1E7A4F7556}") = "VisionaryCoder.Engine.GameBoards.Contract", "VisionaryCoder.Engine.GameBoards.Contract\VisionaryCoder.Engine.GameBoards.Contract.csproj", "{E87EE056-E560-438B-A007-BDFF1FFBD69B}"
EndProject
Project("{FAE04EC0-301F-11D3-BF4B-00C04F79EFBC}") = "VisionaryCoder.Resource.Data.GamerDb", "VisionaryCoder.Resource.Data.GamerDb\VisionaryCoder.Resource.Data.GamerDb.csproj", "{FE4C3DBB-389A-4BFC-A831-50C9677BF21D}"
EndProject
Global
	GlobalSection(SolutionConfigurationPlatforms) = preSolution
		Debug|Any CPU = Debug|Any CPU
		Release|Any CPU = Release|Any CPU
	EndGlobalSection
	GlobalSection(ProjectConfigurationPlatforms) = postSolution
		{E2297176-95A1-4093-A64E-809599E5FF78}.Debug|Any CPU.ActiveCfg = Debug|Any CPU
		{E2297176-95A1-4093-A64E-809599E5FF78}.Debug|Any CPU.Build.0 = Debug|Any CPU
		{E2297176-95A1-4093-A64E-809599E5FF78}.Release|Any CPU.ActiveCfg = Release|Any CPU
		{E2297176-95A1-4093-A64E-809599E5FF78}.Release|Any CPU.Build.0 = Release|Any CPU
		{969AAABF-579A-4910-B8BE-FDD80F2EFA22}.Debug|Any CPU.ActiveCfg = Debug|Any CPU
		{969AAABF-579A-4910-B8BE-FDD80F2EFA22}.Debug|Any CPU.Build.0 = Debug|Any CPU
		{969AAABF-579A-4910-B8BE-FDD80F2EFA22}.Release|Any CPU.ActiveCfg = Release|Any CPU
		{969AAABF-579A-4910-B8BE-FDD80F2EFA22}.Release|Any CPU.Build.0 = Release|Any CPU
		{7D9F1F94-1B1A-4086-AECD-B6620D5F4D59}.Debug|Any CPU.ActiveCfg = Debug|Any CPU
		{7D9F1F94-1B1A-4086-AECD-B6620D5F4D59}.Debug|Any CPU.Build.0 = Debug|Any CPU
		{7D9F1F94-1B1A-4086-AECD-B6620D5F4D59}.Release|Any CPU.ActiveCfg = Release|Any CPU
		{7D9F1F94-1B1A-4086-AECD-B6620D5F4D59}.Release|Any CPU.Build.0 = Release|Any CPU
		{8606D59A-8D07-4F18-965B-526B3DF2DBB2}.Debug|Any CPU.ActiveCfg = Debug|Any CPU
		{8606D59A-8D07-4F18-965B-526B3DF2DBB2}.Debug|Any CPU.Build.0 = Debug|Any CPU
		{8606D59A-8D07-4F18-965B-526B3DF2DBB2}.Release|Any CPU.ActiveCfg = Release|Any CPU
		{8606D59A-8D07-4F18-965B-526B3DF2DBB2}.Release|Any CPU.Build.0 = Release|Any CPU
		{F2440206-EA7C-44A2-BD3F-C7C342B96A47}.Debug|Any CPU.ActiveCfg = Debug|Any CPU
		{F2440206-EA7C-44A2-BD3F-C7C342B96A47}.Debug|Any CPU.Build.0 = Debug|Any CPU
		{F2440206-EA7C-44A2-BD3F-C7C342B96A47}.Release|Any CPU.ActiveCfg = Release|Any CPU
		{F2440206-EA7C-44A2-BD3F-C7C342B96A47}.Release|Any CPU.Build.0 = Release|Any CPU
		{4E0C85DC-7638-40C6-A6BD-03B36E0E718F}.Debug|Any CPU.ActiveCfg = Debug|Any CPU
		{4E0C85DC-7638-40C6-A6BD-03B36E0E718F}.Debug|Any CPU.Build.0 = Debug|Any CPU
		{4E0C85DC-7638-40C6-A6BD-03B36E0E718F}.Release|Any CPU.ActiveCfg = Release|Any CPU
		{4E0C85DC-7638-40C6-A6BD-03B36E0E718F}.Release|Any CPU.Build.0 = Release|Any CPU
		{A8EC5194-C458-4740-9B32-D6909C8A389F}.Debug|Any CPU.ActiveCfg = Debug|Any CPU
		{A8EC5194-C458-4740-9B32-D6909C8A389F}.Debug|Any CPU.Build.0 = Debug|Any CPU
		{A8EC5194-C458-4740-9B32-D6909C8A389F}.Release|Any CPU.ActiveCfg = Release|Any CPU
		{A8EC5194-C458-4740-9B32-D6909C8A389F}.Release|Any CPU.Build.0 = Release|Any CPU
		{D16E4E67-199C-49AA-A88B-BDC3C71CD80F}.Debug|Any CPU.ActiveCfg = Debug|Any CPU
		{D16E4E67-199C-49AA-A88B-BDC3C71CD80F}.Debug|Any CPU.Build.0 = Debug|Any CPU
		{D16E4E67-199C-49AA-A88B-BDC3C71CD80F}.Release|Any CPU.ActiveCfg = Release|Any CPU
		{D16E4E67-199C-49AA-A88B-BDC3C71CD80F}.Release|Any CPU.Build.0 = Release|Any CPU
		{2DB74E7C-312B-4ED1-A18C-E479C63ED542}.Debug|Any CPU.ActiveCfg = Debug|Any CPU
		{2DB74E7C-312B-4ED1-A18C-E479C63ED542}.Debug|Any CPU.Build.0 = Debug|Any CPU
		{2DB74E7C-312B-4ED1-A18C-E479C63ED542}.Release|Any CPU.ActiveCfg = Release|Any CPU
		{2DB74E7C-312B-4ED1-A18C-E479C63ED542}.Release|Any CPU.Build.0 = Release|Any CPU
		{98C21390-9D10-45F2-9C2E-4B78C442FA53}.Debug|Any CPU.ActiveCfg = Debug|Any CPU
		{98C21390-9D10-45F2-9C2E-4B78C442FA53}.Debug|Any CPU.Build.0 = Debug|Any CPU
		{98C21390-9D10-45F2-9C2E-4B78C442FA53}.Release|Any CPU.ActiveCfg = Release|Any CPU
		{98C21390-9D10-45F2-9C2E-4B78C442FA53}.Release|Any CPU.Build.0 = Release|Any CPU
		{24346119-AA86-4EAB-8DB5-114ED6E5C55F}.Debug|Any CPU.ActiveCfg = Debug|Any CPU
		{24346119-AA86-4EAB-8DB5-114ED6E5C55F}.Debug|Any CPU.Build.0 = Debug|Any CPU
		{24346119-AA86-4EAB-8DB5-114ED6E5C55F}.Release|Any CPU.ActiveCfg = Release|Any CPU
		{24346119-AA86-4EAB-8DB5-114ED6E5C55F}.Release|Any CPU.Build.0 = Release|Any CPU
		{698AFE12-EA87-4267-A236-C9A693BA0F9F}.Debug|Any CPU.ActiveCfg = Debug|Any CPU
		{698AFE12-EA87-4267-A236-C9A693BA0F9F}.Debug|Any CPU.Build.0 = Debug|Any CPU
		{698AFE12-EA87-4267-A236-C9A693BA0F9F}.Release|Any CPU.ActiveCfg = Release|Any CPU
		{698AFE12-EA87-4267-A236-C9A693BA0F9F}.Release|Any CPU.Build.0 = Release|Any CPU
		{C8FB937C-A487-47F4-AE7C-6D3E08428125}.Debug|Any CPU.ActiveCfg = Debug|Any CPU
		{C8FB937C-A487-47F4-AE7C-6D3E08428125}.Debug|Any CPU.Build.0 = Debug|Any CPU
		{C8FB937C-A487-47F4-AE7C-6D3E08428125}.Release|Any CPU.ActiveCfg = Release|Any CPU
		{C8FB937C-A487-47F4-AE7C-6D3E08428125}.Release|Any CPU.Build.0 = Release|Any CPU
		{CCED7089-8144-485C-95CF-06DE22A7B1AC}.Debug|Any CPU.ActiveCfg = Debug|Any CPU
		{CCED7089-8144-485C-95CF-06DE22A7B1AC}.Debug|Any CPU.Build.0 = Debug|Any CPU
		{CCED7089-8144-485C-95CF-06DE22A7B1AC}.Release|Any CPU.ActiveCfg = Release|Any CPU
		{CCED7089-8144-485C-95CF-06DE22A7B1AC}.Release|Any CPU.Build.0 = Release|Any CPU
		{367CD472-DA9D-49B2-8DFE-55378EEC9611}.Debug|Any CPU.ActiveCfg = Debug|Any CPU
		{367CD472-DA9D-49B2-8DFE-55378EEC9611}.Debug|Any CPU.Build.0 = Debug|Any CPU
		{367CD472-DA9D-49B2-8DFE-55378EEC9611}.Release|Any CPU.ActiveCfg = Release|Any CPU
		{367CD472-DA9D-49B2-8DFE-55378EEC9611}.Release|Any CPU.Build.0 = Release|Any CPU
		{E87EE056-E560-438B-A007-BDFF1FFBD69B}.Debug|Any CPU.ActiveCfg = Debug|Any CPU
		{E87EE056-E560-438B-A007-BDFF1FFBD69B}.Debug|Any CPU.Build.0 = Debug|Any CPU
		{E87EE056-E560-438B-A007-BDFF1FFBD69B}.Release|Any CPU.ActiveCfg = Release|Any CPU
		{E87EE056-E560-438B-A007-BDFF1FFBD69B}.Release|Any CPU.Build.0 = Release|Any CPU
		{FE4C3DBB-389A-4BFC-A831-50C9677BF21D}.Debug|Any CPU.ActiveCfg = Debug|Any CPU
		{FE4C3DBB-389A-4BFC-A831-50C9677BF21D}.Debug|Any CPU.Build.0 = Debug|Any CPU
		{FE4C3DBB-389A-4BFC-A831-50C9677BF21D}.Release|Any CPU.ActiveCfg = Release|Any CPU
		{FE4C3DBB-389A-4BFC-A831-50C9677BF21D}.Release|Any CPU.Build.0 = Release|Any CPU
	EndGlobalSection
	GlobalSection(SolutionProperties) = preSolution
		HideSolutionNode = FALSE
	EndGlobalSection
	GlobalSection(NestedProjects) = preSolution
		{BD8BA1B6-DFFE-4E51-89D3-160361544421} = {CC83C577-0261-44F4-9C6C-9E60866CC84E}
		{3F8AD994-8D98-4584-BAD2-0F2C31AA779D} = {CC83C577-0261-44F4-9C6C-9E60866CC84E}
		{AFD5C53C-850F-4C88-B043-E189CC2566DE} = {CC83C577-0261-44F4-9C6C-9E60866CC84E}
		{0D0170AA-A98C-4A1A-B47A-89B15B4CB96F} = {983EEA91-FC5F-4E80-9784-97F71D527395}
		{3761446C-988F-4644-9F71-B63E3415800C} = {983EEA91-FC5F-4E80-9784-97F71D527395}
		{BAEACC6B-A5BC-4A1D-A2E9-253FB3F0F503} = {3F8AD994-8D98-4584-BAD2-0F2C31AA779D}
		{0C1CC2CA-FFDB-4E4B-9D2E-DD412DB5DF5D} = {AFD5C53C-850F-4C88-B043-E189CC2566DE}
		{7D628FAD-A85B-4396-A151-3E514422BBA3} = {BD8BA1B6-DFFE-4E51-89D3-160361544421}
		{3646FC40-B550-43F9-AE84-4734AF144883} = {BD8BA1B6-DFFE-4E51-89D3-160361544421}
		{B5FCE333-7968-4CE1-9F67-4D82A5BE6A5C} = {BD8BA1B6-DFFE-4E51-89D3-160361544421}
		{CDB90B43-7E5C-4AEC-AF87-09BD4ADD8852} = {4539D16A-B4B6-47D6-914D-015953A6C8A0}
		{E2297176-95A1-4093-A64E-809599E5FF78} = {CDB90B43-7E5C-4AEC-AF87-09BD4ADD8852}
		{969AAABF-579A-4910-B8BE-FDD80F2EFA22} = {B5FCE333-7968-4CE1-9F67-4D82A5BE6A5C}
		{7D9F1F94-1B1A-4086-AECD-B6620D5F4D59} = {B5FCE333-7968-4CE1-9F67-4D82A5BE6A5C}
		{8606D59A-8D07-4F18-965B-526B3DF2DBB2} = {3646FC40-B550-43F9-AE84-4734AF144883}
		{F2440206-EA7C-44A2-BD3F-C7C342B96A47} = {3646FC40-B550-43F9-AE84-4734AF144883}
		{4E0C85DC-7638-40C6-A6BD-03B36E0E718F} = {7D628FAD-A85B-4396-A151-3E514422BBA3}
		{A8EC5194-C458-4740-9B32-D6909C8A389F} = {7D628FAD-A85B-4396-A151-3E514422BBA3}
		{8B62D914-770F-4FEE-9EA5-D16004C88298} = {3F8AD994-8D98-4584-BAD2-0F2C31AA779D}
		{8B804102-F724-462B-BACD-62973042A2FF} = {3F8AD994-8D98-4584-BAD2-0F2C31AA779D}
		{4B8B9549-D4AF-423F-BB24-74F311072472} = {3F8AD994-8D98-4584-BAD2-0F2C31AA779D}
		{5710F5BB-6ABF-493C-BD61-05B640C99DCD} = {BD8BA1B6-DFFE-4E51-89D3-160361544421}
		{D16E4E67-199C-49AA-A88B-BDC3C71CD80F} = {5710F5BB-6ABF-493C-BD61-05B640C99DCD}
		{2DB74E7C-312B-4ED1-A18C-E479C63ED542} = {5710F5BB-6ABF-493C-BD61-05B640C99DCD}
		{98C21390-9D10-45F2-9C2E-4B78C442FA53} = {0D0170AA-A98C-4A1A-B47A-89B15B4CB96F}
		{24346119-AA86-4EAB-8DB5-114ED6E5C55F} = {8B804102-F724-462B-BACD-62973042A2FF}
		{698AFE12-EA87-4267-A236-C9A693BA0F9F} = {8B804102-F724-462B-BACD-62973042A2FF}
		{42ECE45B-40FB-4D3C-A4EE-CC430BF0E556} = {BD8BA1B6-DFFE-4E51-89D3-160361544421}
		{C8FB937C-A487-47F4-AE7C-6D3E08428125} = {42ECE45B-40FB-4D3C-A4EE-CC430BF0E556}
		{CCED7089-8144-485C-95CF-06DE22A7B1AC} = {42ECE45B-40FB-4D3C-A4EE-CC430BF0E556}
		{367CD472-DA9D-49B2-8DFE-55378EEC9611} = {8B62D914-770F-4FEE-9EA5-D16004C88298}
		{E87EE056-E560-438B-A007-BDFF1FFBD69B} = {8B62D914-770F-4FEE-9EA5-D16004C88298}
		{FE4C3DBB-389A-4BFC-A831-50C9677BF21D} = {4539D16A-B4B6-47D6-914D-015953A6C8A0}
	EndGlobalSection
	GlobalSection(ExtensibilityGlobals) = postSolution
		SolutionGuid = {D2CAD551-B98F-4779-B6F8-60EB6E8DBB99}
	EndGlobalSection
EndGlobal
