
Microsoft Visual Studio Solution File, Format Version 12.00
# Visual Studio Version 16
VisualStudioVersion = 16.0.31624.102
MinimumVisualStudioVersion = 10.0.40219.1
Project("{2150E333-8FDC-42A3-9474-1A3956D46DE8}") = "Clients", "Clients", "{251AE283-386C-4F5E-9A6F-F0512A0D4A5A}"
EndProject
Project("{2150E333-8FDC-42A3-9474-1A3956D46DE8}") = "Framework", "Framework", "{C37F5AC6-336D-4EEA-BAB3-B260E128980A}"
EndProject
Project("{2150E333-8FDC-42A3-9474-1A3956D46DE8}") = "Components", "Components", "{545EF156-4A73-44CF-A3DB-C1F49C76F8E3}"
EndProject
Project("{FAE04EC0-301F-11D3-BF4B-00C04F79EFBC}") = "Client.WpfApp", "Source\Client.WpfApp\Client.WpfApp.csproj", "{A994FC34-447B-451E-8A77-CFD2190AA8CE}"
EndProject
Project("{2150E333-8FDC-42A3-9474-1A3956D46DE8}") = "References", "References", "{9F68EEBD-E2E2-439A-B77E-308F576402CE}"
EndProject
Project("{2150E333-8FDC-42A3-9474-1A3956D46DE8}") = "IDesign", "IDesign", "{EEA5E9C3-18CE-4FB0-A19C-8A0F6E925A74}"
	ProjectSection(SolutionItems) = preProject
		References\IDesign\Microsoft.ServiceBus.dll = References\IDesign\Microsoft.ServiceBus.dll
		References\IDesign\ServiceModelEx.dll = References\IDesign\ServiceModelEx.dll
	EndProjectSection
EndProject
Project("{2150E333-8FDC-42A3-9474-1A3956D46DE8}") = "Documents", "Documents", "{09FB57B6-A755-4903-BF48-345FB8F3091E}"
	ProjectSection(SolutionItems) = preProject
		Documents\Tic-Tac-Toe SRS.docx = Documents\Tic-Tac-Toe SRS.docx
	EndProjectSection
EndProject
Project("{2150E333-8FDC-42A3-9474-1A3956D46DE8}") = "Architecture", "Architecture", "{420BA523-C348-4673-A44F-C5F099BEDD98}"
	ProjectSection(SolutionItems) = preProject
		Documents\Sequence Diagrams.vsdx = Documents\Sequence Diagrams.vsdx
	EndProjectSection
EndProject
Project("{2150E333-8FDC-42A3-9474-1A3956D46DE8}") = "Source", "Source", "{A47852FA-DF82-49F3-BA37-1C95B02427C9}"
EndProject
Project("{2150E333-8FDC-42A3-9474-1A3956D46DE8}") = "Access", "Access", "{08921B85-0D3A-4B0C-8BFF-EE13C882A759}"
EndProject
Project("{2150E333-8FDC-42A3-9474-1A3956D46DE8}") = "Game", "Game", "{E6EBB321-ED2A-4E5F-B856-19E6D8BAEFA7}"
EndProject
Project("{2150E333-8FDC-42A3-9474-1A3956D46DE8}") = "Player", "Player", "{37A83E2A-3216-4B60-BC92-85FFFF0D0DC0}"
EndProject
Project("{2150E333-8FDC-42A3-9474-1A3956D46DE8}") = "Tile", "Tile", "{542C1816-300C-4578-81BB-EFD2E5B09D0C}"
EndProject
Project("{2150E333-8FDC-42A3-9474-1A3956D46DE8}") = "Engines", "Engines", "{9D2B1F85-9592-40CA-A303-F27858E7F58A}"
EndProject
Project("{2150E333-8FDC-42A3-9474-1A3956D46DE8}") = "Board", "Board", "{BF0C203A-0788-4E00-83B7-125622FB31B8}"
EndProject
Project("{2150E333-8FDC-42A3-9474-1A3956D46DE8}") = "Game", "Game", "{1DDB23E9-9AED-42EE-89AC-F15A10B05BE0}"
EndProject
Project("{2150E333-8FDC-42A3-9474-1A3956D46DE8}") = "Player", "Player", "{A99DD333-BBA9-480D-A7A8-74CC8AF3F3A6}"
EndProject
Project("{2150E333-8FDC-42A3-9474-1A3956D46DE8}") = "Managers", "Managers", "{4E5641D6-3D0E-4D4E-AAEE-DB0290C23BDB}"
EndProject
Project("{2150E333-8FDC-42A3-9474-1A3956D46DE8}") = "Game", "Game", "{8241ED60-1A15-408A-9B4E-A349611162F6}"
EndProject
Project("{2150E333-8FDC-42A3-9474-1A3956D46DE8}") = "Player", "Player", "{AD03D822-C30F-49C8-9D8F-9D642213364B}"
EndProject
Project("{2150E333-8FDC-42A3-9474-1A3956D46DE8}") = "Utilities", "Utilities", "{267ADEAC-8D1B-413A-BA8A-153DB55452C3}"
EndProject
Project("{2150E333-8FDC-42A3-9474-1A3956D46DE8}") = "Architecture", "Architecture", "{A2E5A13C-30A5-470F-8FE0-76D359B0209F}"
EndProject
Project("{FAE04EC0-301F-11D3-BF4B-00C04F79EFBC}") = "Access.Game.Interface", "Source\Access.Game.Interface\Access.Game.Interface.csproj", "{5B39C12D-0BB7-475C-B0E6-05287E47D2BF}"
EndProject
Project("{FAE04EC0-301F-11D3-BF4B-00C04F79EFBC}") = "Access.Game.Service", "Source\Access.Game.Service\Access.Game.Service.csproj", "{C58BE1ED-6D83-42E8-A055-2A89F38BA9C7}"
EndProject
Project("{FAE04EC0-301F-11D3-BF4B-00C04F79EFBC}") = "Access.Game.TestClient", "Source\Access.Game.TestClient\Access.Game.TestClient.csproj", "{7321993D-649C-45C0-ADB8-8B0473C100F4}"
EndProject
Project("{FAE04EC0-301F-11D3-BF4B-00C04F79EFBC}") = "Access.Player.Interface", "Source\Access.Player.Interface\Access.Player.Interface.csproj", "{AC28176E-BDFF-4D61-BD7E-81269F8620A9}"
EndProject
Project("{FAE04EC0-301F-11D3-BF4B-00C04F79EFBC}") = "Access.Player.Service", "Source\Access.Player.Service\Access.Player.Service.csproj", "{B98C5C35-4896-4FB5-AB7C-8F2E439E4FB8}"
EndProject
Project("{FAE04EC0-301F-11D3-BF4B-00C04F79EFBC}") = "Access.Player.TestClient", "Source\Access.Player.TestClient\Access.Player.TestClient.csproj", "{B8BD59DE-F7F8-4DE0-BCCC-3ECD4038C3D8}"
EndProject
Project("{FAE04EC0-301F-11D3-BF4B-00C04F79EFBC}") = "Access.Tile.Interface", "Source\Access.Tile.Interface\Access.Tile.Interface.csproj", "{76391160-7B11-4D8C-BB28-77A749096956}"
EndProject
Project("{FAE04EC0-301F-11D3-BF4B-00C04F79EFBC}") = "Access.Tile.Service", "Source\Access.Tile.Service\Access.Tile.Service.csproj", "{BB165630-E440-48A2-A698-18AA3595B0A0}"
EndProject
Project("{FAE04EC0-301F-11D3-BF4B-00C04F79EFBC}") = "Access.Tile.TestClient", "Source\Access.Tile.TestClient\Access.Tile.TestClient.csproj", "{AA3E3C03-6CEA-4F41-88CD-0930604DE318}"
EndProject
Project("{FAE04EC0-301F-11D3-BF4B-00C04F79EFBC}") = "Engine.Board.Interface", "Source\Engine.Board.Interface\Engine.Board.Interface.csproj", "{AEF4CD7D-E439-4E72-88A3-43947D79E644}"
EndProject
Project("{FAE04EC0-301F-11D3-BF4B-00C04F79EFBC}") = "Engine.Board.Service", "Source\Engine.Board.Service\Engine.Board.Service.csproj", "{6465D97D-C241-4350-8D84-E2815A30B45D}"
EndProject
Project("{FAE04EC0-301F-11D3-BF4B-00C04F79EFBC}") = "Engine.Board.TestClient", "Source\Engine.Board.TestClient\Engine.Board.TestClient.csproj", "{EE6DC92C-AD02-4BBB-A3EE-02914F649D5E}"
EndProject
Project("{FAE04EC0-301F-11D3-BF4B-00C04F79EFBC}") = "Engine.Game.Interface", "Source\Engine.Game.Interface\Engine.Game.Interface.csproj", "{DC7B2847-6514-48BD-94F3-5E4D2936FFE8}"
EndProject
Project("{FAE04EC0-301F-11D3-BF4B-00C04F79EFBC}") = "Engine.Game.Service", "Source\Engine.Game.Service\Engine.Game.Service.csproj", "{C91A7A6E-BF12-4431-9A98-8DF7D458D6B8}"
EndProject
Project("{FAE04EC0-301F-11D3-BF4B-00C04F79EFBC}") = "Engine.Game.TestClient", "Source\Engine.Game.TestClient\Engine.Game.TestClient.csproj", "{F3E41E73-EDD4-44C6-8206-983EE6366DF8}"
EndProject
Project("{FAE04EC0-301F-11D3-BF4B-00C04F79EFBC}") = "Engine.Player.Interface", "Source\Engine.Player.Interface\Engine.Player.Interface.csproj", "{AE02FDAA-5F90-4B49-BF94-AEC981068907}"
EndProject
Project("{FAE04EC0-301F-11D3-BF4B-00C04F79EFBC}") = "Engine.Player.Service", "Source\Engine.Player.Service\Engine.Player.Service.csproj", "{8D077E60-A5CD-48AE-94D4-C637450A17A8}"
EndProject
Project("{FAE04EC0-301F-11D3-BF4B-00C04F79EFBC}") = "Engine.Player.TestClient", "Source\Engine.Player.TestClient\Engine.Player.TestClient.csproj", "{FDFA3EB2-217A-4C42-B457-6A4526F398DF}"
EndProject
Project("{FAE04EC0-301F-11D3-BF4B-00C04F79EFBC}") = "Manager.Game.Interface", "Source\Manager.Game.Interface\Manager.Game.Interface.csproj", "{92B55FFA-7A7F-4678-B90E-DAF84A8373C2}"
EndProject
Project("{FAE04EC0-301F-11D3-BF4B-00C04F79EFBC}") = "Manager.Game.Service", "Source\Manager.Game.Service\Manager.Game.Service.csproj", "{6E29233B-0953-4722-88D7-EA99B222D45A}"
EndProject
Project("{FAE04EC0-301F-11D3-BF4B-00C04F79EFBC}") = "Manager.Game.TestClient", "Source\Manager.Game.TestClient\Manager.Game.TestClient.csproj", "{416C10B5-82ED-4B3B-A3E5-481BD2F07396}"
EndProject
Project("{FAE04EC0-301F-11D3-BF4B-00C04F79EFBC}") = "Manager.Player.Interface", "Source\Manager.Player.Interface\Manager.Player.Interface.csproj", "{44E0C824-B2DF-487D-A002-C499328042D2}"
EndProject
Project("{FAE04EC0-301F-11D3-BF4B-00C04F79EFBC}") = "Manager.Player.Service", "Source\Manager.Player.Service\Manager.Player.Service.csproj", "{DC19DF64-A573-4A83-89C8-CD343D8C3DF3}"
EndProject
Project("{FAE04EC0-301F-11D3-BF4B-00C04F79EFBC}") = "Manager.Player.TestClient", "Source\Manager.Player.TestClient\Manager.Player.TestClient.csproj", "{429B98F1-BF2B-42CA-8FB8-691C97C30D49}"
EndProject
Project("{2150E333-8FDC-42A3-9474-1A3956D46DE8}") = "GamePlay", "GamePlay", "{C18172BB-13D9-4F68-B5A2-36FDEDF57EF3}"
EndProject
Project("{FAE04EC0-301F-11D3-BF4B-00C04F79EFBC}") = "Manager.Turn.Interface", "Source\Manager.Turn.Contract\Manager.Turn.Interface.csproj", "{F4EA5A66-7EEA-4C95-B257-C510ABE699DF}"
EndProject
Project("{FAE04EC0-301F-11D3-BF4B-00C04F79EFBC}") = "Manager.Turn.Service", "Source\Manager.Turn.Service\Manager.Turn.Service.csproj", "{6BFF3255-E617-4BA2-87E0-54D834C3EBD6}"
EndProject
Project("{FAE04EC0-301F-11D3-BF4B-00C04F79EFBC}") = "Manager.Turn.TestClient", "Source\Manager.Turn.TestClient\Manager.Turn.TestClient.csproj", "{6CF6A3EC-8D3B-439C-BC9D-3B828F434797}"
EndProject
Project("{FAE04EC0-301F-11D3-BF4B-00C04F79EFBC}") = "Util.Logger.Interface", "Source\Util.Logger.Interface\Util.Logger.Interface.csproj", "{404BFB11-63C3-4D0A-82C6-985F0C51010E}"
EndProject
Project("{FAE04EC0-301F-11D3-BF4B-00C04F79EFBC}") = "Util.Logger.Service", "Source\Util.Logger.Service\Util.Logger.Service.csproj", "{13BDFDFD-40D5-474E-8469-D37D9F0F7F4D}"
EndProject
Project("{FAE04EC0-301F-11D3-BF4B-00C04F79EFBC}") = "Util.PubSub", "Source\Util.PubSub\Util.PubSub.csproj", "{1B3999F2-F35B-46F0-B3A3-E027A10CF746}"
EndProject
Project("{FAE04EC0-301F-11D3-BF4B-00C04F79EFBC}") = "Util.PubSub.Interface", "Source\Util.PubSub.Contract\Util.PubSub.Interface.csproj", "{E3860A06-9709-4CA7-9F84-1A67D700E9C8}"
EndProject
Project("{FAE04EC0-301F-11D3-BF4B-00C04F79EFBC}") = "Util.PubSub.Service", "Source\Util.PubSub.Service\Util.PubSub.Service.csproj", "{0279FDBE-3AFA-4F6F-8CB1-994197E11110}"
EndProject
Project("{FAE04EC0-301F-11D3-BF4B-00C04F79EFBC}") = "Framework", "Source\Framework\Framework.csproj", "{2823E117-25BF-4C77-8A21-B57ECCBBB058}"
EndProject
Global
	GlobalSection(SolutionConfigurationPlatforms) = preSolution
		Debug|Any CPU = Debug|Any CPU
		Release|Any CPU = Release|Any CPU
	EndGlobalSection
	GlobalSection(ProjectConfigurationPlatforms) = postSolution
		{A994FC34-447B-451E-8A77-CFD2190AA8CE}.Debug|Any CPU.ActiveCfg = Debug|Any CPU
		{A994FC34-447B-451E-8A77-CFD2190AA8CE}.Debug|Any CPU.Build.0 = Debug|Any CPU
		{A994FC34-447B-451E-8A77-CFD2190AA8CE}.Release|Any CPU.ActiveCfg = Release|Any CPU
		{A994FC34-447B-451E-8A77-CFD2190AA8CE}.Release|Any CPU.Build.0 = Release|Any CPU
		{5B39C12D-0BB7-475C-B0E6-05287E47D2BF}.Debug|Any CPU.ActiveCfg = Debug|Any CPU
		{5B39C12D-0BB7-475C-B0E6-05287E47D2BF}.Debug|Any CPU.Build.0 = Debug|Any CPU
		{5B39C12D-0BB7-475C-B0E6-05287E47D2BF}.Release|Any CPU.ActiveCfg = Release|Any CPU
		{5B39C12D-0BB7-475C-B0E6-05287E47D2BF}.Release|Any CPU.Build.0 = Release|Any CPU
		{C58BE1ED-6D83-42E8-A055-2A89F38BA9C7}.Debug|Any CPU.ActiveCfg = Debug|Any CPU
		{C58BE1ED-6D83-42E8-A055-2A89F38BA9C7}.Debug|Any CPU.Build.0 = Debug|Any CPU
		{C58BE1ED-6D83-42E8-A055-2A89F38BA9C7}.Release|Any CPU.ActiveCfg = Release|Any CPU
		{C58BE1ED-6D83-42E8-A055-2A89F38BA9C7}.Release|Any CPU.Build.0 = Release|Any CPU
		{7321993D-649C-45C0-ADB8-8B0473C100F4}.Debug|Any CPU.ActiveCfg = Debug|Any CPU
		{7321993D-649C-45C0-ADB8-8B0473C100F4}.Debug|Any CPU.Build.0 = Debug|Any CPU
		{7321993D-649C-45C0-ADB8-8B0473C100F4}.Release|Any CPU.ActiveCfg = Release|Any CPU
		{7321993D-649C-45C0-ADB8-8B0473C100F4}.Release|Any CPU.Build.0 = Release|Any CPU
		{AC28176E-BDFF-4D61-BD7E-81269F8620A9}.Debug|Any CPU.ActiveCfg = Debug|Any CPU
		{AC28176E-BDFF-4D61-BD7E-81269F8620A9}.Debug|Any CPU.Build.0 = Debug|Any CPU
		{AC28176E-BDFF-4D61-BD7E-81269F8620A9}.Release|Any CPU.ActiveCfg = Release|Any CPU
		{AC28176E-BDFF-4D61-BD7E-81269F8620A9}.Release|Any CPU.Build.0 = Release|Any CPU
		{B98C5C35-4896-4FB5-AB7C-8F2E439E4FB8}.Debug|Any CPU.ActiveCfg = Debug|Any CPU
		{B98C5C35-4896-4FB5-AB7C-8F2E439E4FB8}.Debug|Any CPU.Build.0 = Debug|Any CPU
		{B98C5C35-4896-4FB5-AB7C-8F2E439E4FB8}.Release|Any CPU.ActiveCfg = Release|Any CPU
		{B98C5C35-4896-4FB5-AB7C-8F2E439E4FB8}.Release|Any CPU.Build.0 = Release|Any CPU
		{B8BD59DE-F7F8-4DE0-BCCC-3ECD4038C3D8}.Debug|Any CPU.ActiveCfg = Debug|Any CPU
		{B8BD59DE-F7F8-4DE0-BCCC-3ECD4038C3D8}.Debug|Any CPU.Build.0 = Debug|Any CPU
		{B8BD59DE-F7F8-4DE0-BCCC-3ECD4038C3D8}.Release|Any CPU.ActiveCfg = Release|Any CPU
		{B8BD59DE-F7F8-4DE0-BCCC-3ECD4038C3D8}.Release|Any CPU.Build.0 = Release|Any CPU
		{76391160-7B11-4D8C-BB28-77A749096956}.Debug|Any CPU.ActiveCfg = Debug|Any CPU
		{76391160-7B11-4D8C-BB28-77A749096956}.Debug|Any CPU.Build.0 = Debug|Any CPU
		{76391160-7B11-4D8C-BB28-77A749096956}.Release|Any CPU.ActiveCfg = Release|Any CPU
		{76391160-7B11-4D8C-BB28-77A749096956}.Release|Any CPU.Build.0 = Release|Any CPU
		{BB165630-E440-48A2-A698-18AA3595B0A0}.Debug|Any CPU.ActiveCfg = Debug|Any CPU
		{BB165630-E440-48A2-A698-18AA3595B0A0}.Debug|Any CPU.Build.0 = Debug|Any CPU
		{BB165630-E440-48A2-A698-18AA3595B0A0}.Release|Any CPU.ActiveCfg = Release|Any CPU
		{BB165630-E440-48A2-A698-18AA3595B0A0}.Release|Any CPU.Build.0 = Release|Any CPU
		{AA3E3C03-6CEA-4F41-88CD-0930604DE318}.Debug|Any CPU.ActiveCfg = Debug|Any CPU
		{AA3E3C03-6CEA-4F41-88CD-0930604DE318}.Debug|Any CPU.Build.0 = Debug|Any CPU
		{AA3E3C03-6CEA-4F41-88CD-0930604DE318}.Release|Any CPU.ActiveCfg = Release|Any CPU
		{AA3E3C03-6CEA-4F41-88CD-0930604DE318}.Release|Any CPU.Build.0 = Release|Any CPU
		{AEF4CD7D-E439-4E72-88A3-43947D79E644}.Debug|Any CPU.ActiveCfg = Debug|Any CPU
		{AEF4CD7D-E439-4E72-88A3-43947D79E644}.Debug|Any CPU.Build.0 = Debug|Any CPU
		{AEF4CD7D-E439-4E72-88A3-43947D79E644}.Release|Any CPU.ActiveCfg = Release|Any CPU
		{AEF4CD7D-E439-4E72-88A3-43947D79E644}.Release|Any CPU.Build.0 = Release|Any CPU
		{6465D97D-C241-4350-8D84-E2815A30B45D}.Debug|Any CPU.ActiveCfg = Debug|Any CPU
		{6465D97D-C241-4350-8D84-E2815A30B45D}.Debug|Any CPU.Build.0 = Debug|Any CPU
		{6465D97D-C241-4350-8D84-E2815A30B45D}.Release|Any CPU.ActiveCfg = Release|Any CPU
		{6465D97D-C241-4350-8D84-E2815A30B45D}.Release|Any CPU.Build.0 = Release|Any CPU
		{EE6DC92C-AD02-4BBB-A3EE-02914F649D5E}.Debug|Any CPU.ActiveCfg = Debug|Any CPU
		{EE6DC92C-AD02-4BBB-A3EE-02914F649D5E}.Debug|Any CPU.Build.0 = Debug|Any CPU
		{EE6DC92C-AD02-4BBB-A3EE-02914F649D5E}.Release|Any CPU.ActiveCfg = Release|Any CPU
		{EE6DC92C-AD02-4BBB-A3EE-02914F649D5E}.Release|Any CPU.Build.0 = Release|Any CPU
		{DC7B2847-6514-48BD-94F3-5E4D2936FFE8}.Debug|Any CPU.ActiveCfg = Debug|Any CPU
		{DC7B2847-6514-48BD-94F3-5E4D2936FFE8}.Debug|Any CPU.Build.0 = Debug|Any CPU
		{DC7B2847-6514-48BD-94F3-5E4D2936FFE8}.Release|Any CPU.ActiveCfg = Release|Any CPU
		{DC7B2847-6514-48BD-94F3-5E4D2936FFE8}.Release|Any CPU.Build.0 = Release|Any CPU
		{C91A7A6E-BF12-4431-9A98-8DF7D458D6B8}.Debug|Any CPU.ActiveCfg = Debug|Any CPU
		{C91A7A6E-BF12-4431-9A98-8DF7D458D6B8}.Debug|Any CPU.Build.0 = Debug|Any CPU
		{C91A7A6E-BF12-4431-9A98-8DF7D458D6B8}.Release|Any CPU.ActiveCfg = Release|Any CPU
		{C91A7A6E-BF12-4431-9A98-8DF7D458D6B8}.Release|Any CPU.Build.0 = Release|Any CPU
		{F3E41E73-EDD4-44C6-8206-983EE6366DF8}.Debug|Any CPU.ActiveCfg = Debug|Any CPU
		{F3E41E73-EDD4-44C6-8206-983EE6366DF8}.Debug|Any CPU.Build.0 = Debug|Any CPU
		{F3E41E73-EDD4-44C6-8206-983EE6366DF8}.Release|Any CPU.ActiveCfg = Release|Any CPU
		{F3E41E73-EDD4-44C6-8206-983EE6366DF8}.Release|Any CPU.Build.0 = Release|Any CPU
		{AE02FDAA-5F90-4B49-BF94-AEC981068907}.Debug|Any CPU.ActiveCfg = Debug|Any CPU
		{AE02FDAA-5F90-4B49-BF94-AEC981068907}.Debug|Any CPU.Build.0 = Debug|Any CPU
		{AE02FDAA-5F90-4B49-BF94-AEC981068907}.Release|Any CPU.ActiveCfg = Release|Any CPU
		{AE02FDAA-5F90-4B49-BF94-AEC981068907}.Release|Any CPU.Build.0 = Release|Any CPU
		{8D077E60-A5CD-48AE-94D4-C637450A17A8}.Debug|Any CPU.ActiveCfg = Debug|Any CPU
		{8D077E60-A5CD-48AE-94D4-C637450A17A8}.Debug|Any CPU.Build.0 = Debug|Any CPU
		{8D077E60-A5CD-48AE-94D4-C637450A17A8}.Release|Any CPU.ActiveCfg = Release|Any CPU
		{8D077E60-A5CD-48AE-94D4-C637450A17A8}.Release|Any CPU.Build.0 = Release|Any CPU
		{FDFA3EB2-217A-4C42-B457-6A4526F398DF}.Debug|Any CPU.ActiveCfg = Debug|Any CPU
		{FDFA3EB2-217A-4C42-B457-6A4526F398DF}.Debug|Any CPU.Build.0 = Debug|Any CPU
		{FDFA3EB2-217A-4C42-B457-6A4526F398DF}.Release|Any CPU.ActiveCfg = Release|Any CPU
		{FDFA3EB2-217A-4C42-B457-6A4526F398DF}.Release|Any CPU.Build.0 = Release|Any CPU
		{92B55FFA-7A7F-4678-B90E-DAF84A8373C2}.Debug|Any CPU.ActiveCfg = Debug|Any CPU
		{92B55FFA-7A7F-4678-B90E-DAF84A8373C2}.Debug|Any CPU.Build.0 = Debug|Any CPU
		{92B55FFA-7A7F-4678-B90E-DAF84A8373C2}.Release|Any CPU.ActiveCfg = Release|Any CPU
		{92B55FFA-7A7F-4678-B90E-DAF84A8373C2}.Release|Any CPU.Build.0 = Release|Any CPU
		{6E29233B-0953-4722-88D7-EA99B222D45A}.Debug|Any CPU.ActiveCfg = Debug|Any CPU
		{6E29233B-0953-4722-88D7-EA99B222D45A}.Debug|Any CPU.Build.0 = Debug|Any CPU
		{6E29233B-0953-4722-88D7-EA99B222D45A}.Release|Any CPU.ActiveCfg = Release|Any CPU
		{6E29233B-0953-4722-88D7-EA99B222D45A}.Release|Any CPU.Build.0 = Release|Any CPU
		{416C10B5-82ED-4B3B-A3E5-481BD2F07396}.Debug|Any CPU.ActiveCfg = Debug|Any CPU
		{416C10B5-82ED-4B3B-A3E5-481BD2F07396}.Debug|Any CPU.Build.0 = Debug|Any CPU
		{416C10B5-82ED-4B3B-A3E5-481BD2F07396}.Release|Any CPU.ActiveCfg = Release|Any CPU
		{416C10B5-82ED-4B3B-A3E5-481BD2F07396}.Release|Any CPU.Build.0 = Release|Any CPU
		{44E0C824-B2DF-487D-A002-C499328042D2}.Debug|Any CPU.ActiveCfg = Debug|Any CPU
		{44E0C824-B2DF-487D-A002-C499328042D2}.Debug|Any CPU.Build.0 = Debug|Any CPU
		{44E0C824-B2DF-487D-A002-C499328042D2}.Release|Any CPU.ActiveCfg = Release|Any CPU
		{44E0C824-B2DF-487D-A002-C499328042D2}.Release|Any CPU.Build.0 = Release|Any CPU
		{DC19DF64-A573-4A83-89C8-CD343D8C3DF3}.Debug|Any CPU.ActiveCfg = Debug|Any CPU
		{DC19DF64-A573-4A83-89C8-CD343D8C3DF3}.Debug|Any CPU.Build.0 = Debug|Any CPU
		{DC19DF64-A573-4A83-89C8-CD343D8C3DF3}.Release|Any CPU.ActiveCfg = Release|Any CPU
		{DC19DF64-A573-4A83-89C8-CD343D8C3DF3}.Release|Any CPU.Build.0 = Release|Any CPU
		{429B98F1-BF2B-42CA-8FB8-691C97C30D49}.Debug|Any CPU.ActiveCfg = Debug|Any CPU
		{429B98F1-BF2B-42CA-8FB8-691C97C30D49}.Debug|Any CPU.Build.0 = Debug|Any CPU
		{429B98F1-BF2B-42CA-8FB8-691C97C30D49}.Release|Any CPU.ActiveCfg = Release|Any CPU
		{429B98F1-BF2B-42CA-8FB8-691C97C30D49}.Release|Any CPU.Build.0 = Release|Any CPU
		{F4EA5A66-7EEA-4C95-B257-C510ABE699DF}.Debug|Any CPU.ActiveCfg = Debug|Any CPU
		{F4EA5A66-7EEA-4C95-B257-C510ABE699DF}.Debug|Any CPU.Build.0 = Debug|Any CPU
		{F4EA5A66-7EEA-4C95-B257-C510ABE699DF}.Release|Any CPU.ActiveCfg = Release|Any CPU
		{F4EA5A66-7EEA-4C95-B257-C510ABE699DF}.Release|Any CPU.Build.0 = Release|Any CPU
		{6BFF3255-E617-4BA2-87E0-54D834C3EBD6}.Debug|Any CPU.ActiveCfg = Debug|Any CPU
		{6BFF3255-E617-4BA2-87E0-54D834C3EBD6}.Debug|Any CPU.Build.0 = Debug|Any CPU
		{6BFF3255-E617-4BA2-87E0-54D834C3EBD6}.Release|Any CPU.ActiveCfg = Release|Any CPU
		{6BFF3255-E617-4BA2-87E0-54D834C3EBD6}.Release|Any CPU.Build.0 = Release|Any CPU
		{6CF6A3EC-8D3B-439C-BC9D-3B828F434797}.Debug|Any CPU.ActiveCfg = Debug|Any CPU
		{6CF6A3EC-8D3B-439C-BC9D-3B828F434797}.Debug|Any CPU.Build.0 = Debug|Any CPU
		{6CF6A3EC-8D3B-439C-BC9D-3B828F434797}.Release|Any CPU.ActiveCfg = Release|Any CPU
		{6CF6A3EC-8D3B-439C-BC9D-3B828F434797}.Release|Any CPU.Build.0 = Release|Any CPU
		{404BFB11-63C3-4D0A-82C6-985F0C51010E}.Debug|Any CPU.ActiveCfg = Debug|Any CPU
		{404BFB11-63C3-4D0A-82C6-985F0C51010E}.Debug|Any CPU.Build.0 = Debug|Any CPU
		{404BFB11-63C3-4D0A-82C6-985F0C51010E}.Release|Any CPU.ActiveCfg = Release|Any CPU
		{404BFB11-63C3-4D0A-82C6-985F0C51010E}.Release|Any CPU.Build.0 = Release|Any CPU
		{13BDFDFD-40D5-474E-8469-D37D9F0F7F4D}.Debug|Any CPU.ActiveCfg = Debug|Any CPU
		{13BDFDFD-40D5-474E-8469-D37D9F0F7F4D}.Debug|Any CPU.Build.0 = Debug|Any CPU
		{13BDFDFD-40D5-474E-8469-D37D9F0F7F4D}.Release|Any CPU.ActiveCfg = Release|Any CPU
		{13BDFDFD-40D5-474E-8469-D37D9F0F7F4D}.Release|Any CPU.Build.0 = Release|Any CPU
		{1B3999F2-F35B-46F0-B3A3-E027A10CF746}.Debug|Any CPU.ActiveCfg = Debug|Any CPU
		{1B3999F2-F35B-46F0-B3A3-E027A10CF746}.Debug|Any CPU.Build.0 = Debug|Any CPU
		{1B3999F2-F35B-46F0-B3A3-E027A10CF746}.Release|Any CPU.ActiveCfg = Release|Any CPU
		{1B3999F2-F35B-46F0-B3A3-E027A10CF746}.Release|Any CPU.Build.0 = Release|Any CPU
		{E3860A06-9709-4CA7-9F84-1A67D700E9C8}.Debug|Any CPU.ActiveCfg = Debug|Any CPU
		{E3860A06-9709-4CA7-9F84-1A67D700E9C8}.Debug|Any CPU.Build.0 = Debug|Any CPU
		{E3860A06-9709-4CA7-9F84-1A67D700E9C8}.Release|Any CPU.ActiveCfg = Release|Any CPU
		{E3860A06-9709-4CA7-9F84-1A67D700E9C8}.Release|Any CPU.Build.0 = Release|Any CPU
		{0279FDBE-3AFA-4F6F-8CB1-994197E11110}.Debug|Any CPU.ActiveCfg = Debug|Any CPU
		{0279FDBE-3AFA-4F6F-8CB1-994197E11110}.Debug|Any CPU.Build.0 = Debug|Any CPU
		{0279FDBE-3AFA-4F6F-8CB1-994197E11110}.Release|Any CPU.ActiveCfg = Release|Any CPU
		{0279FDBE-3AFA-4F6F-8CB1-994197E11110}.Release|Any CPU.Build.0 = Release|Any CPU
		{2823E117-25BF-4C77-8A21-B57ECCBBB058}.Debug|Any CPU.ActiveCfg = Debug|Any CPU
		{2823E117-25BF-4C77-8A21-B57ECCBBB058}.Debug|Any CPU.Build.0 = Debug|Any CPU
		{2823E117-25BF-4C77-8A21-B57ECCBBB058}.Release|Any CPU.ActiveCfg = Release|Any CPU
		{2823E117-25BF-4C77-8A21-B57ECCBBB058}.Release|Any CPU.Build.0 = Release|Any CPU
	EndGlobalSection
	GlobalSection(SolutionProperties) = preSolution
		HideSolutionNode = FALSE
	EndGlobalSection
	GlobalSection(NestedProjects) = preSolution
		{251AE283-386C-4F5E-9A6F-F0512A0D4A5A} = {A47852FA-DF82-49F3-BA37-1C95B02427C9}
		{C37F5AC6-336D-4EEA-BAB3-B260E128980A} = {A47852FA-DF82-49F3-BA37-1C95B02427C9}
		{545EF156-4A73-44CF-A3DB-C1F49C76F8E3} = {A47852FA-DF82-49F3-BA37-1C95B02427C9}
		{A994FC34-447B-451E-8A77-CFD2190AA8CE} = {251AE283-386C-4F5E-9A6F-F0512A0D4A5A}
		{EEA5E9C3-18CE-4FB0-A19C-8A0F6E925A74} = {9F68EEBD-E2E2-439A-B77E-308F576402CE}
		{420BA523-C348-4673-A44F-C5F099BEDD98} = {09FB57B6-A755-4903-BF48-345FB8F3091E}
		{08921B85-0D3A-4B0C-8BFF-EE13C882A759} = {545EF156-4A73-44CF-A3DB-C1F49C76F8E3}
		{E6EBB321-ED2A-4E5F-B856-19E6D8BAEFA7} = {08921B85-0D3A-4B0C-8BFF-EE13C882A759}
		{37A83E2A-3216-4B60-BC92-85FFFF0D0DC0} = {08921B85-0D3A-4B0C-8BFF-EE13C882A759}
		{542C1816-300C-4578-81BB-EFD2E5B09D0C} = {08921B85-0D3A-4B0C-8BFF-EE13C882A759}
		{9D2B1F85-9592-40CA-A303-F27858E7F58A} = {545EF156-4A73-44CF-A3DB-C1F49C76F8E3}
		{BF0C203A-0788-4E00-83B7-125622FB31B8} = {9D2B1F85-9592-40CA-A303-F27858E7F58A}
		{1DDB23E9-9AED-42EE-89AC-F15A10B05BE0} = {9D2B1F85-9592-40CA-A303-F27858E7F58A}
		{A99DD333-BBA9-480D-A7A8-74CC8AF3F3A6} = {9D2B1F85-9592-40CA-A303-F27858E7F58A}
		{4E5641D6-3D0E-4D4E-AAEE-DB0290C23BDB} = {545EF156-4A73-44CF-A3DB-C1F49C76F8E3}
		{8241ED60-1A15-408A-9B4E-A349611162F6} = {4E5641D6-3D0E-4D4E-AAEE-DB0290C23BDB}
		{AD03D822-C30F-49C8-9D8F-9D642213364B} = {4E5641D6-3D0E-4D4E-AAEE-DB0290C23BDB}
		{267ADEAC-8D1B-413A-BA8A-153DB55452C3} = {545EF156-4A73-44CF-A3DB-C1F49C76F8E3}
		{A2E5A13C-30A5-470F-8FE0-76D359B0209F} = {A47852FA-DF82-49F3-BA37-1C95B02427C9}
		{5B39C12D-0BB7-475C-B0E6-05287E47D2BF} = {E6EBB321-ED2A-4E5F-B856-19E6D8BAEFA7}
		{C58BE1ED-6D83-42E8-A055-2A89F38BA9C7} = {E6EBB321-ED2A-4E5F-B856-19E6D8BAEFA7}
		{7321993D-649C-45C0-ADB8-8B0473C100F4} = {E6EBB321-ED2A-4E5F-B856-19E6D8BAEFA7}
		{AC28176E-BDFF-4D61-BD7E-81269F8620A9} = {37A83E2A-3216-4B60-BC92-85FFFF0D0DC0}
		{B98C5C35-4896-4FB5-AB7C-8F2E439E4FB8} = {37A83E2A-3216-4B60-BC92-85FFFF0D0DC0}
		{B8BD59DE-F7F8-4DE0-BCCC-3ECD4038C3D8} = {37A83E2A-3216-4B60-BC92-85FFFF0D0DC0}
		{76391160-7B11-4D8C-BB28-77A749096956} = {542C1816-300C-4578-81BB-EFD2E5B09D0C}
		{BB165630-E440-48A2-A698-18AA3595B0A0} = {542C1816-300C-4578-81BB-EFD2E5B09D0C}
		{AA3E3C03-6CEA-4F41-88CD-0930604DE318} = {542C1816-300C-4578-81BB-EFD2E5B09D0C}
		{AEF4CD7D-E439-4E72-88A3-43947D79E644} = {BF0C203A-0788-4E00-83B7-125622FB31B8}
		{6465D97D-C241-4350-8D84-E2815A30B45D} = {BF0C203A-0788-4E00-83B7-125622FB31B8}
		{EE6DC92C-AD02-4BBB-A3EE-02914F649D5E} = {BF0C203A-0788-4E00-83B7-125622FB31B8}
		{DC7B2847-6514-48BD-94F3-5E4D2936FFE8} = {1DDB23E9-9AED-42EE-89AC-F15A10B05BE0}
		{C91A7A6E-BF12-4431-9A98-8DF7D458D6B8} = {1DDB23E9-9AED-42EE-89AC-F15A10B05BE0}
		{F3E41E73-EDD4-44C6-8206-983EE6366DF8} = {1DDB23E9-9AED-42EE-89AC-F15A10B05BE0}
		{AE02FDAA-5F90-4B49-BF94-AEC981068907} = {A99DD333-BBA9-480D-A7A8-74CC8AF3F3A6}
		{8D077E60-A5CD-48AE-94D4-C637450A17A8} = {A99DD333-BBA9-480D-A7A8-74CC8AF3F3A6}
		{FDFA3EB2-217A-4C42-B457-6A4526F398DF} = {A99DD333-BBA9-480D-A7A8-74CC8AF3F3A6}
		{92B55FFA-7A7F-4678-B90E-DAF84A8373C2} = {8241ED60-1A15-408A-9B4E-A349611162F6}
		{6E29233B-0953-4722-88D7-EA99B222D45A} = {8241ED60-1A15-408A-9B4E-A349611162F6}
		{416C10B5-82ED-4B3B-A3E5-481BD2F07396} = {8241ED60-1A15-408A-9B4E-A349611162F6}
		{44E0C824-B2DF-487D-A002-C499328042D2} = {AD03D822-C30F-49C8-9D8F-9D642213364B}
		{DC19DF64-A573-4A83-89C8-CD343D8C3DF3} = {AD03D822-C30F-49C8-9D8F-9D642213364B}
		{429B98F1-BF2B-42CA-8FB8-691C97C30D49} = {AD03D822-C30F-49C8-9D8F-9D642213364B}
		{C18172BB-13D9-4F68-B5A2-36FDEDF57EF3} = {4E5641D6-3D0E-4D4E-AAEE-DB0290C23BDB}
		{F4EA5A66-7EEA-4C95-B257-C510ABE699DF} = {C18172BB-13D9-4F68-B5A2-36FDEDF57EF3}
		{6BFF3255-E617-4BA2-87E0-54D834C3EBD6} = {C18172BB-13D9-4F68-B5A2-36FDEDF57EF3}
		{6CF6A3EC-8D3B-439C-BC9D-3B828F434797} = {C18172BB-13D9-4F68-B5A2-36FDEDF57EF3}
		{404BFB11-63C3-4D0A-82C6-985F0C51010E} = {267ADEAC-8D1B-413A-BA8A-153DB55452C3}
		{13BDFDFD-40D5-474E-8469-D37D9F0F7F4D} = {267ADEAC-8D1B-413A-BA8A-153DB55452C3}
		{1B3999F2-F35B-46F0-B3A3-E027A10CF746} = {267ADEAC-8D1B-413A-BA8A-153DB55452C3}
		{E3860A06-9709-4CA7-9F84-1A67D700E9C8} = {267ADEAC-8D1B-413A-BA8A-153DB55452C3}
		{0279FDBE-3AFA-4F6F-8CB1-994197E11110} = {267ADEAC-8D1B-413A-BA8A-153DB55452C3}
		{2823E117-25BF-4C77-8A21-B57ECCBBB058} = {C37F5AC6-336D-4EEA-BAB3-B260E128980A}
	EndGlobalSection
	GlobalSection(ExtensibilityGlobals) = postSolution
		SolutionGuid = {6114E729-1F79-4B23-9979-DD7CC3C148F4}
	EndGlobalSection
EndGlobal
