
Microsoft Visual Studio Solution File, Format Version 12.00
# Visual Studio Version 16
VisualStudioVersion = 16.0.31624.102
MinimumVisualStudioVersion = 10.0.40219.1
Project("{2150E333-8FDC-42A3-9474-1A3956D46DE8}") = "Solution Items", "Solution Items", "{2BC50BD4-76E3-4F97-AD23-5D95CCAF73F1}"
	ProjectSection(SolutionItems) = preProject
		ReadMe.md = ReadMe.md
	EndProjectSection
EndProject
Project("{9A19103F-16F7-4668-BE54-9A1E7A4F7556}") = "Gamer.Framework", "Gamer.Framework\Gamer.Framework.csproj", "{4EE824C7-1F21-43E9-9FDE-0780A2BC7450}"
EndProject
Project("{9A19103F-16F7-4668-BE54-9A1E7A4F7556}") = "Gamer.Client.ConsoleApp", "Gamer.Client.ConsoleApp\Gamer.Client.ConsoleApp.csproj", "{785D6497-1B5C-4CEE-A90A-75DD433DBADA}"
EndProject
Project("{9A19103F-16F7-4668-BE54-9A1E7A4F7556}") = "Gamer.Access.GameDefinition.Service", "Gamer.Access.GameDefinition.Service\Gamer.Access.GameDefinition.Service.csproj", "{A7C86562-74E5-41B4-8B13-7DE1683E78E3}"
EndProject
Project("{2150E333-8FDC-42A3-9474-1A3956D46DE8}") = "Client", "Client", "{7BE51232-B53C-4CA5-B909-573B0E3AA8DB}"
EndProject
Project("{2150E333-8FDC-42A3-9474-1A3956D46DE8}") = "Components", "Components", "{39E535F9-4127-4AAD-B6AC-88B9D2ED7322}"
EndProject
Project("{2150E333-8FDC-42A3-9474-1A3956D46DE8}") = "Access", "Access", "{AB121CA0-A346-4878-8048-9D4EA13DE7D6}"
EndProject
Project("{2150E333-8FDC-42A3-9474-1A3956D46DE8}") = "GameDefinition", "GameDefinition", "{E41D30C7-CC27-47AE-94C2-5F30747404AB}"
EndProject
Project("{2150E333-8FDC-42A3-9474-1A3956D46DE8}") = "GameSession", "GameSession", "{2457801A-43A8-4BB3-8302-123E33B82569}"
EndProject
Project("{2150E333-8FDC-42A3-9474-1A3956D46DE8}") = "Player", "Player", "{30EBB36E-ACD5-4A1E-9FC4-968B212A8B01}"
EndProject
Project("{2150E333-8FDC-42A3-9474-1A3956D46DE8}") = "Tile", "Tile", "{41724446-B331-43A4-9E5A-2DD1155508BD}"
EndProject
Project("{2150E333-8FDC-42A3-9474-1A3956D46DE8}") = "Engine", "Engine", "{D699CC85-3D29-4850-9DAB-8D25FADECB86}"
EndProject
Project("{2150E333-8FDC-42A3-9474-1A3956D46DE8}") = "GameBoard", "GameBoard", "{CBEF2105-8BD8-4390-B621-4DC5CB9E4895}"
EndProject
Project("{2150E333-8FDC-42A3-9474-1A3956D46DE8}") = "GamePlay", "GamePlay", "{5EE2733F-96B9-4DC5-A591-D994D4F24E3C}"
EndProject
Project("{2150E333-8FDC-42A3-9474-1A3956D46DE8}") = "Validation", "Validation", "{12B209C3-F356-4205-9EE0-590CC62803C7}"
EndProject
Project("{2150E333-8FDC-42A3-9474-1A3956D46DE8}") = "Manager", "Manager", "{E67E4589-CC9D-4B4F-82CC-E19D50218F2D}"
EndProject
Project("{2150E333-8FDC-42A3-9474-1A3956D46DE8}") = "Game", "Game", "{5BA57EA0-1D95-41F8-98FE-E246D7C90505}"
EndProject
Project("{2150E333-8FDC-42A3-9474-1A3956D46DE8}") = "Framework", "Framework", "{4712C9F6-9044-4F15-BA38-060F54F8509B}"
EndProject
Project("{9A19103F-16F7-4668-BE54-9A1E7A4F7556}") = "Gamer.Access.Tile.Service", "Gamer.Access.Tile.Service\Gamer.Access.Tile.Service.csproj", "{74A4ADE8-88B9-4203-8491-9D556137C6ED}"
EndProject
Project("{9A19103F-16F7-4668-BE54-9A1E7A4F7556}") = "Gamer.Access.Player.Service", "Gamer.Access.Player.Service\Gamer.Access.Player.Service.csproj", "{C5DAEBC1-4F14-49B9-A3EF-2D2F547196EF}"
EndProject
Project("{9A19103F-16F7-4668-BE54-9A1E7A4F7556}") = "Gamer.Access.GameSession.Service", "Gamer.Access.GameSession.Service\Gamer.Access.GameSession.Service.csproj", "{0E2046B0-784A-477F-B4B7-7D228AE94AEC}"
EndProject
Project("{9A19103F-16F7-4668-BE54-9A1E7A4F7556}") = "Gamer.Engine.GameBoard.Service", "Gamer.Engine.GameBoard.Service\Gamer.Engine.GameBoard.Service.csproj", "{7A32020B-C494-4DAE-9135-18632BBB1894}"
EndProject
Project("{9A19103F-16F7-4668-BE54-9A1E7A4F7556}") = "Gamer.Engine.GamePlay.Service", "Gamer.Engine.GamePlay.Service\Gamer.Engine.GamePlay.Service.csproj", "{16B6C246-5D0E-4065-8DA1-39A4FFEF621A}"
EndProject
Project("{9A19103F-16F7-4668-BE54-9A1E7A4F7556}") = "Gamer.Engine.Validation.Service", "Gamer.Engine.Validation.Service\Gamer.Engine.Validation.Service.csproj", "{32F0476C-B785-470C-B29D-BF20B99F977E}"
EndProject
Project("{9A19103F-16F7-4668-BE54-9A1E7A4F7556}") = "Gamer.Manager.Game.Service", "Gamer.Manager.Game.Service\Gamer.Manager.Game.Service.csproj", "{214D7C81-D540-4EB3-A829-27500DECA8F8}"
EndProject
Project("{9A19103F-16F7-4668-BE54-9A1E7A4F7556}") = "Gamer.Access.GameDefinition.Interface", "Gamer.Access.GameDefinition.Interface\Gamer.Access.GameDefinition.Interface.csproj", "{4D3678D6-3CCC-4AF9-8698-08AE5E3E3C51}"
EndProject
Project("{9A19103F-16F7-4668-BE54-9A1E7A4F7556}") = "Gamer.Access.GameSession.Interface", "Gamer.Access.GameSession.Interface\Gamer.Access.GameSession.Interface.csproj", "{2FBCF1CC-BE17-4512-902B-9FCFA8A15A8C}"
EndProject
Project("{9A19103F-16F7-4668-BE54-9A1E7A4F7556}") = "Gamer.Access.Player.Interface", "Gamer.Access.Player.Interface\Gamer.Access.Player.Interface.csproj", "{E9CCD9BE-9566-459F-825F-27D2DA9BB58A}"
EndProject
Project("{9A19103F-16F7-4668-BE54-9A1E7A4F7556}") = "Gamer.Access.Tile.Interface", "Gamer.Access.Tile.Interface\Gamer.Access.Tile.Interface.csproj", "{49A169A3-F2CB-441D-A3E1-2D6F62FD2F4F}"
EndProject
Project("{9A19103F-16F7-4668-BE54-9A1E7A4F7556}") = "Gamer.Engine.GameBoard.Interface", "Gamer.Engine.GameBoard.Interface\Gamer.Engine.GameBoard.Interface.csproj", "{3EAEEBF4-0B50-4D7A-AFDA-914E1920F4CA}"
EndProject
Project("{9A19103F-16F7-4668-BE54-9A1E7A4F7556}") = "Gamer.Engine.GamePlay.Interface", "Gamer.Engine.GamePlay.Interface\Gamer.Engine.GamePlay.Interface.csproj", "{5F091B69-2ADA-4FE0-85A1-3438459C92BD}"
EndProject
Project("{9A19103F-16F7-4668-BE54-9A1E7A4F7556}") = "Gamer.Engine.Validation.Interface", "Gamer.Engine.Validation.Interface\Gamer.Engine.Validation.Interface.csproj", "{A2EE6C15-75BC-4B42-BFBF-4BC17EFC0B5A}"
EndProject
Project("{9A19103F-16F7-4668-BE54-9A1E7A4F7556}") = "Gamer.Manager.Game.Interface", "Gamer.Manager.Game.Interface\Gamer.Manager.Game.Interface.csproj", "{DED766DD-EF16-447B-9804-9EFB4559D4FF}"
EndProject
Project("{2150E333-8FDC-42A3-9474-1A3956D46DE8}") = "Database", "Database", "{8DB4A612-EF80-4404-BEC6-833FAC835D71}"
EndProject
Project("{00D1A9C2-B5F0-4AF3-8072-F6C62B433612}") = "Gamer.Database", "Gamer.Database\Gamer.Database.sqlproj", "{BB69A3D1-2E83-4792-BB35-9DC6B0520224}"
EndProject
Project("{2150E333-8FDC-42A3-9474-1A3956D46DE8}") = "Microservice", "Microservice", "{4EF748A9-A81D-4232-B0D8-27A22179C854}"
EndProject
Project("{2150E333-8FDC-42A3-9474-1A3956D46DE8}") = "Game", "Game", "{F70ACFA5-EA81-4AE4-8CE5-59E7A4286D2A}"
EndProject
Project("{FAE04EC0-301F-11D3-BF4B-00C04F79EFBC}") = "Gamer.Microservice.Game.Content", "Microservice.Game.Content\Gamer.Microservice.Game.Content.csproj", "{2514152E-62F7-4D2B-84A6-86D1B3D067B1}"
EndProject
Global
	GlobalSection(SolutionConfigurationPlatforms) = preSolution
		Debug|Any CPU = Debug|Any CPU
		Debug|x64 = Debug|x64
		Release|Any CPU = Release|Any CPU
		Release|x64 = Release|x64
	EndGlobalSection
	GlobalSection(ProjectConfigurationPlatforms) = postSolution
		{4EE824C7-1F21-43E9-9FDE-0780A2BC7450}.Debug|Any CPU.ActiveCfg = Debug|Any CPU
		{4EE824C7-1F21-43E9-9FDE-0780A2BC7450}.Debug|Any CPU.Build.0 = Debug|Any CPU
		{4EE824C7-1F21-43E9-9FDE-0780A2BC7450}.Debug|x64.ActiveCfg = Debug|Any CPU
		{4EE824C7-1F21-43E9-9FDE-0780A2BC7450}.Debug|x64.Build.0 = Debug|Any CPU
		{4EE824C7-1F21-43E9-9FDE-0780A2BC7450}.Release|Any CPU.ActiveCfg = Release|Any CPU
		{4EE824C7-1F21-43E9-9FDE-0780A2BC7450}.Release|Any CPU.Build.0 = Release|Any CPU
		{4EE824C7-1F21-43E9-9FDE-0780A2BC7450}.Release|x64.ActiveCfg = Release|Any CPU
		{4EE824C7-1F21-43E9-9FDE-0780A2BC7450}.Release|x64.Build.0 = Release|Any CPU
		{785D6497-1B5C-4CEE-A90A-75DD433DBADA}.Debug|Any CPU.ActiveCfg = Debug|Any CPU
		{785D6497-1B5C-4CEE-A90A-75DD433DBADA}.Debug|Any CPU.Build.0 = Debug|Any CPU
		{785D6497-1B5C-4CEE-A90A-75DD433DBADA}.Debug|x64.ActiveCfg = Debug|Any CPU
		{785D6497-1B5C-4CEE-A90A-75DD433DBADA}.Debug|x64.Build.0 = Debug|Any CPU
		{785D6497-1B5C-4CEE-A90A-75DD433DBADA}.Release|Any CPU.ActiveCfg = Release|Any CPU
		{785D6497-1B5C-4CEE-A90A-75DD433DBADA}.Release|Any CPU.Build.0 = Release|Any CPU
		{785D6497-1B5C-4CEE-A90A-75DD433DBADA}.Release|x64.ActiveCfg = Release|Any CPU
		{785D6497-1B5C-4CEE-A90A-75DD433DBADA}.Release|x64.Build.0 = Release|Any CPU
		{A7C86562-74E5-41B4-8B13-7DE1683E78E3}.Debug|Any CPU.ActiveCfg = Debug|Any CPU
		{A7C86562-74E5-41B4-8B13-7DE1683E78E3}.Debug|Any CPU.Build.0 = Debug|Any CPU
		{A7C86562-74E5-41B4-8B13-7DE1683E78E3}.Debug|x64.ActiveCfg = Debug|Any CPU
		{A7C86562-74E5-41B4-8B13-7DE1683E78E3}.Debug|x64.Build.0 = Debug|Any CPU
		{A7C86562-74E5-41B4-8B13-7DE1683E78E3}.Release|Any CPU.ActiveCfg = Release|Any CPU
		{A7C86562-74E5-41B4-8B13-7DE1683E78E3}.Release|Any CPU.Build.0 = Release|Any CPU
		{A7C86562-74E5-41B4-8B13-7DE1683E78E3}.Release|x64.ActiveCfg = Release|Any CPU
		{A7C86562-74E5-41B4-8B13-7DE1683E78E3}.Release|x64.Build.0 = Release|Any CPU
		{74A4ADE8-88B9-4203-8491-9D556137C6ED}.Debug|Any CPU.ActiveCfg = Debug|Any CPU
		{74A4ADE8-88B9-4203-8491-9D556137C6ED}.Debug|Any CPU.Build.0 = Debug|Any CPU
		{74A4ADE8-88B9-4203-8491-9D556137C6ED}.Debug|x64.ActiveCfg = Debug|Any CPU
		{74A4ADE8-88B9-4203-8491-9D556137C6ED}.Debug|x64.Build.0 = Debug|Any CPU
		{74A4ADE8-88B9-4203-8491-9D556137C6ED}.Release|Any CPU.ActiveCfg = Release|Any CPU
		{74A4ADE8-88B9-4203-8491-9D556137C6ED}.Release|Any CPU.Build.0 = Release|Any CPU
		{74A4ADE8-88B9-4203-8491-9D556137C6ED}.Release|x64.ActiveCfg = Release|Any CPU
		{74A4ADE8-88B9-4203-8491-9D556137C6ED}.Release|x64.Build.0 = Release|Any CPU
		{C5DAEBC1-4F14-49B9-A3EF-2D2F547196EF}.Debug|Any CPU.ActiveCfg = Debug|Any CPU
		{C5DAEBC1-4F14-49B9-A3EF-2D2F547196EF}.Debug|Any CPU.Build.0 = Debug|Any CPU
		{C5DAEBC1-4F14-49B9-A3EF-2D2F547196EF}.Debug|x64.ActiveCfg = Debug|Any CPU
		{C5DAEBC1-4F14-49B9-A3EF-2D2F547196EF}.Debug|x64.Build.0 = Debug|Any CPU
		{C5DAEBC1-4F14-49B9-A3EF-2D2F547196EF}.Release|Any CPU.ActiveCfg = Release|Any CPU
		{C5DAEBC1-4F14-49B9-A3EF-2D2F547196EF}.Release|Any CPU.Build.0 = Release|Any CPU
		{C5DAEBC1-4F14-49B9-A3EF-2D2F547196EF}.Release|x64.ActiveCfg = Release|Any CPU
		{C5DAEBC1-4F14-49B9-A3EF-2D2F547196EF}.Release|x64.Build.0 = Release|Any CPU
		{0E2046B0-784A-477F-B4B7-7D228AE94AEC}.Debug|Any CPU.ActiveCfg = Debug|Any CPU
		{0E2046B0-784A-477F-B4B7-7D228AE94AEC}.Debug|Any CPU.Build.0 = Debug|Any CPU
		{0E2046B0-784A-477F-B4B7-7D228AE94AEC}.Debug|x64.ActiveCfg = Debug|Any CPU
		{0E2046B0-784A-477F-B4B7-7D228AE94AEC}.Debug|x64.Build.0 = Debug|Any CPU
		{0E2046B0-784A-477F-B4B7-7D228AE94AEC}.Release|Any CPU.ActiveCfg = Release|Any CPU
		{0E2046B0-784A-477F-B4B7-7D228AE94AEC}.Release|Any CPU.Build.0 = Release|Any CPU
		{0E2046B0-784A-477F-B4B7-7D228AE94AEC}.Release|x64.ActiveCfg = Release|Any CPU
		{0E2046B0-784A-477F-B4B7-7D228AE94AEC}.Release|x64.Build.0 = Release|Any CPU
		{7A32020B-C494-4DAE-9135-18632BBB1894}.Debug|Any CPU.ActiveCfg = Debug|Any CPU
		{7A32020B-C494-4DAE-9135-18632BBB1894}.Debug|Any CPU.Build.0 = Debug|Any CPU
		{7A32020B-C494-4DAE-9135-18632BBB1894}.Debug|x64.ActiveCfg = Debug|Any CPU
		{7A32020B-C494-4DAE-9135-18632BBB1894}.Debug|x64.Build.0 = Debug|Any CPU
		{7A32020B-C494-4DAE-9135-18632BBB1894}.Release|Any CPU.ActiveCfg = Release|Any CPU
		{7A32020B-C494-4DAE-9135-18632BBB1894}.Release|Any CPU.Build.0 = Release|Any CPU
		{7A32020B-C494-4DAE-9135-18632BBB1894}.Release|x64.ActiveCfg = Release|Any CPU
		{7A32020B-C494-4DAE-9135-18632BBB1894}.Release|x64.Build.0 = Release|Any CPU
		{16B6C246-5D0E-4065-8DA1-39A4FFEF621A}.Debug|Any CPU.ActiveCfg = Debug|Any CPU
		{16B6C246-5D0E-4065-8DA1-39A4FFEF621A}.Debug|Any CPU.Build.0 = Debug|Any CPU
		{16B6C246-5D0E-4065-8DA1-39A4FFEF621A}.Debug|x64.ActiveCfg = Debug|Any CPU
		{16B6C246-5D0E-4065-8DA1-39A4FFEF621A}.Debug|x64.Build.0 = Debug|Any CPU
		{16B6C246-5D0E-4065-8DA1-39A4FFEF621A}.Release|Any CPU.ActiveCfg = Release|Any CPU
		{16B6C246-5D0E-4065-8DA1-39A4FFEF621A}.Release|Any CPU.Build.0 = Release|Any CPU
		{16B6C246-5D0E-4065-8DA1-39A4FFEF621A}.Release|x64.ActiveCfg = Release|Any CPU
		{16B6C246-5D0E-4065-8DA1-39A4FFEF621A}.Release|x64.Build.0 = Release|Any CPU
		{32F0476C-B785-470C-B29D-BF20B99F977E}.Debug|Any CPU.ActiveCfg = Debug|Any CPU
		{32F0476C-B785-470C-B29D-BF20B99F977E}.Debug|Any CPU.Build.0 = Debug|Any CPU
		{32F0476C-B785-470C-B29D-BF20B99F977E}.Debug|x64.ActiveCfg = Debug|Any CPU
		{32F0476C-B785-470C-B29D-BF20B99F977E}.Debug|x64.Build.0 = Debug|Any CPU
		{32F0476C-B785-470C-B29D-BF20B99F977E}.Release|Any CPU.ActiveCfg = Release|Any CPU
		{32F0476C-B785-470C-B29D-BF20B99F977E}.Release|Any CPU.Build.0 = Release|Any CPU
		{32F0476C-B785-470C-B29D-BF20B99F977E}.Release|x64.ActiveCfg = Release|Any CPU
		{32F0476C-B785-470C-B29D-BF20B99F977E}.Release|x64.Build.0 = Release|Any CPU
		{214D7C81-D540-4EB3-A829-27500DECA8F8}.Debug|Any CPU.ActiveCfg = Debug|Any CPU
		{214D7C81-D540-4EB3-A829-27500DECA8F8}.Debug|Any CPU.Build.0 = Debug|Any CPU
		{214D7C81-D540-4EB3-A829-27500DECA8F8}.Debug|x64.ActiveCfg = Debug|Any CPU
		{214D7C81-D540-4EB3-A829-27500DECA8F8}.Debug|x64.Build.0 = Debug|Any CPU
		{214D7C81-D540-4EB3-A829-27500DECA8F8}.Release|Any CPU.ActiveCfg = Release|Any CPU
		{214D7C81-D540-4EB3-A829-27500DECA8F8}.Release|Any CPU.Build.0 = Release|Any CPU
		{214D7C81-D540-4EB3-A829-27500DECA8F8}.Release|x64.ActiveCfg = Release|Any CPU
		{214D7C81-D540-4EB3-A829-27500DECA8F8}.Release|x64.Build.0 = Release|Any CPU
		{4D3678D6-3CCC-4AF9-8698-08AE5E3E3C51}.Debug|Any CPU.ActiveCfg = Debug|Any CPU
		{4D3678D6-3CCC-4AF9-8698-08AE5E3E3C51}.Debug|Any CPU.Build.0 = Debug|Any CPU
		{4D3678D6-3CCC-4AF9-8698-08AE5E3E3C51}.Debug|x64.ActiveCfg = Debug|Any CPU
		{4D3678D6-3CCC-4AF9-8698-08AE5E3E3C51}.Debug|x64.Build.0 = Debug|Any CPU
		{4D3678D6-3CCC-4AF9-8698-08AE5E3E3C51}.Release|Any CPU.ActiveCfg = Release|Any CPU
		{4D3678D6-3CCC-4AF9-8698-08AE5E3E3C51}.Release|Any CPU.Build.0 = Release|Any CPU
		{4D3678D6-3CCC-4AF9-8698-08AE5E3E3C51}.Release|x64.ActiveCfg = Release|Any CPU
		{4D3678D6-3CCC-4AF9-8698-08AE5E3E3C51}.Release|x64.Build.0 = Release|Any CPU
		{2FBCF1CC-BE17-4512-902B-9FCFA8A15A8C}.Debug|Any CPU.ActiveCfg = Debug|Any CPU
		{2FBCF1CC-BE17-4512-902B-9FCFA8A15A8C}.Debug|Any CPU.Build.0 = Debug|Any CPU
		{2FBCF1CC-BE17-4512-902B-9FCFA8A15A8C}.Debug|x64.ActiveCfg = Debug|Any CPU
		{2FBCF1CC-BE17-4512-902B-9FCFA8A15A8C}.Debug|x64.Build.0 = Debug|Any CPU
		{2FBCF1CC-BE17-4512-902B-9FCFA8A15A8C}.Release|Any CPU.ActiveCfg = Release|Any CPU
		{2FBCF1CC-BE17-4512-902B-9FCFA8A15A8C}.Release|Any CPU.Build.0 = Release|Any CPU
		{2FBCF1CC-BE17-4512-902B-9FCFA8A15A8C}.Release|x64.ActiveCfg = Release|Any CPU
		{2FBCF1CC-BE17-4512-902B-9FCFA8A15A8C}.Release|x64.Build.0 = Release|Any CPU
		{E9CCD9BE-9566-459F-825F-27D2DA9BB58A}.Debug|Any CPU.ActiveCfg = Debug|Any CPU
		{E9CCD9BE-9566-459F-825F-27D2DA9BB58A}.Debug|Any CPU.Build.0 = Debug|Any CPU
		{E9CCD9BE-9566-459F-825F-27D2DA9BB58A}.Debug|x64.ActiveCfg = Debug|Any CPU
		{E9CCD9BE-9566-459F-825F-27D2DA9BB58A}.Debug|x64.Build.0 = Debug|Any CPU
		{E9CCD9BE-9566-459F-825F-27D2DA9BB58A}.Release|Any CPU.ActiveCfg = Release|Any CPU
		{E9CCD9BE-9566-459F-825F-27D2DA9BB58A}.Release|Any CPU.Build.0 = Release|Any CPU
		{E9CCD9BE-9566-459F-825F-27D2DA9BB58A}.Release|x64.ActiveCfg = Release|Any CPU
		{E9CCD9BE-9566-459F-825F-27D2DA9BB58A}.Release|x64.Build.0 = Release|Any CPU
		{49A169A3-F2CB-441D-A3E1-2D6F62FD2F4F}.Debug|Any CPU.ActiveCfg = Debug|Any CPU
		{49A169A3-F2CB-441D-A3E1-2D6F62FD2F4F}.Debug|Any CPU.Build.0 = Debug|Any CPU
		{49A169A3-F2CB-441D-A3E1-2D6F62FD2F4F}.Debug|x64.ActiveCfg = Debug|Any CPU
		{49A169A3-F2CB-441D-A3E1-2D6F62FD2F4F}.Debug|x64.Build.0 = Debug|Any CPU
		{49A169A3-F2CB-441D-A3E1-2D6F62FD2F4F}.Release|Any CPU.ActiveCfg = Release|Any CPU
		{49A169A3-F2CB-441D-A3E1-2D6F62FD2F4F}.Release|Any CPU.Build.0 = Release|Any CPU
		{49A169A3-F2CB-441D-A3E1-2D6F62FD2F4F}.Release|x64.ActiveCfg = Release|Any CPU
		{49A169A3-F2CB-441D-A3E1-2D6F62FD2F4F}.Release|x64.Build.0 = Release|Any CPU
		{3EAEEBF4-0B50-4D7A-AFDA-914E1920F4CA}.Debug|Any CPU.ActiveCfg = Debug|Any CPU
		{3EAEEBF4-0B50-4D7A-AFDA-914E1920F4CA}.Debug|Any CPU.Build.0 = Debug|Any CPU
		{3EAEEBF4-0B50-4D7A-AFDA-914E1920F4CA}.Debug|x64.ActiveCfg = Debug|Any CPU
		{3EAEEBF4-0B50-4D7A-AFDA-914E1920F4CA}.Debug|x64.Build.0 = Debug|Any CPU
		{3EAEEBF4-0B50-4D7A-AFDA-914E1920F4CA}.Release|Any CPU.ActiveCfg = Release|Any CPU
		{3EAEEBF4-0B50-4D7A-AFDA-914E1920F4CA}.Release|Any CPU.Build.0 = Release|Any CPU
		{3EAEEBF4-0B50-4D7A-AFDA-914E1920F4CA}.Release|x64.ActiveCfg = Release|Any CPU
		{3EAEEBF4-0B50-4D7A-AFDA-914E1920F4CA}.Release|x64.Build.0 = Release|Any CPU
		{5F091B69-2ADA-4FE0-85A1-3438459C92BD}.Debug|Any CPU.ActiveCfg = Debug|Any CPU
		{5F091B69-2ADA-4FE0-85A1-3438459C92BD}.Debug|Any CPU.Build.0 = Debug|Any CPU
		{5F091B69-2ADA-4FE0-85A1-3438459C92BD}.Debug|x64.ActiveCfg = Debug|Any CPU
		{5F091B69-2ADA-4FE0-85A1-3438459C92BD}.Debug|x64.Build.0 = Debug|Any CPU
		{5F091B69-2ADA-4FE0-85A1-3438459C92BD}.Release|Any CPU.ActiveCfg = Release|Any CPU
		{5F091B69-2ADA-4FE0-85A1-3438459C92BD}.Release|Any CPU.Build.0 = Release|Any CPU
		{5F091B69-2ADA-4FE0-85A1-3438459C92BD}.Release|x64.ActiveCfg = Release|Any CPU
		{5F091B69-2ADA-4FE0-85A1-3438459C92BD}.Release|x64.Build.0 = Release|Any CPU
		{A2EE6C15-75BC-4B42-BFBF-4BC17EFC0B5A}.Debug|Any CPU.ActiveCfg = Debug|Any CPU
		{A2EE6C15-75BC-4B42-BFBF-4BC17EFC0B5A}.Debug|Any CPU.Build.0 = Debug|Any CPU
		{A2EE6C15-75BC-4B42-BFBF-4BC17EFC0B5A}.Debug|x64.ActiveCfg = Debug|Any CPU
		{A2EE6C15-75BC-4B42-BFBF-4BC17EFC0B5A}.Debug|x64.Build.0 = Debug|Any CPU
		{A2EE6C15-75BC-4B42-BFBF-4BC17EFC0B5A}.Release|Any CPU.ActiveCfg = Release|Any CPU
		{A2EE6C15-75BC-4B42-BFBF-4BC17EFC0B5A}.Release|Any CPU.Build.0 = Release|Any CPU
		{A2EE6C15-75BC-4B42-BFBF-4BC17EFC0B5A}.Release|x64.ActiveCfg = Release|Any CPU
		{A2EE6C15-75BC-4B42-BFBF-4BC17EFC0B5A}.Release|x64.Build.0 = Release|Any CPU
		{DED766DD-EF16-447B-9804-9EFB4559D4FF}.Debug|Any CPU.ActiveCfg = Debug|Any CPU
		{DED766DD-EF16-447B-9804-9EFB4559D4FF}.Debug|Any CPU.Build.0 = Debug|Any CPU
		{DED766DD-EF16-447B-9804-9EFB4559D4FF}.Debug|x64.ActiveCfg = Debug|Any CPU
		{DED766DD-EF16-447B-9804-9EFB4559D4FF}.Debug|x64.Build.0 = Debug|Any CPU
		{DED766DD-EF16-447B-9804-9EFB4559D4FF}.Release|Any CPU.ActiveCfg = Release|Any CPU
		{DED766DD-EF16-447B-9804-9EFB4559D4FF}.Release|Any CPU.Build.0 = Release|Any CPU
		{DED766DD-EF16-447B-9804-9EFB4559D4FF}.Release|x64.ActiveCfg = Release|Any CPU
		{DED766DD-EF16-447B-9804-9EFB4559D4FF}.Release|x64.Build.0 = Release|Any CPU
		{BB69A3D1-2E83-4792-BB35-9DC6B0520224}.Debug|Any CPU.ActiveCfg = Debug|Any CPU
		{BB69A3D1-2E83-4792-BB35-9DC6B0520224}.Debug|Any CPU.Build.0 = Debug|Any CPU
		{BB69A3D1-2E83-4792-BB35-9DC6B0520224}.Debug|Any CPU.Deploy.0 = Debug|Any CPU
		{BB69A3D1-2E83-4792-BB35-9DC6B0520224}.Debug|x64.ActiveCfg = Debug|Any CPU
		{BB69A3D1-2E83-4792-BB35-9DC6B0520224}.Debug|x64.Build.0 = Debug|Any CPU
		{BB69A3D1-2E83-4792-BB35-9DC6B0520224}.Debug|x64.Deploy.0 = Debug|Any CPU
		{BB69A3D1-2E83-4792-BB35-9DC6B0520224}.Release|Any CPU.ActiveCfg = Release|Any CPU
		{BB69A3D1-2E83-4792-BB35-9DC6B0520224}.Release|Any CPU.Build.0 = Release|Any CPU
		{BB69A3D1-2E83-4792-BB35-9DC6B0520224}.Release|Any CPU.Deploy.0 = Release|Any CPU
		{BB69A3D1-2E83-4792-BB35-9DC6B0520224}.Release|x64.ActiveCfg = Release|Any CPU
		{BB69A3D1-2E83-4792-BB35-9DC6B0520224}.Release|x64.Build.0 = Release|Any CPU
		{BB69A3D1-2E83-4792-BB35-9DC6B0520224}.Release|x64.Deploy.0 = Release|Any CPU
		{2514152E-62F7-4D2B-84A6-86D1B3D067B1}.Debug|Any CPU.ActiveCfg = Debug|Any CPU
		{2514152E-62F7-4D2B-84A6-86D1B3D067B1}.Debug|Any CPU.Build.0 = Debug|Any CPU
		{2514152E-62F7-4D2B-84A6-86D1B3D067B1}.Debug|x64.ActiveCfg = Debug|Any CPU
		{2514152E-62F7-4D2B-84A6-86D1B3D067B1}.Debug|x64.Build.0 = Debug|Any CPU
		{2514152E-62F7-4D2B-84A6-86D1B3D067B1}.Release|Any CPU.ActiveCfg = Release|Any CPU
		{2514152E-62F7-4D2B-84A6-86D1B3D067B1}.Release|Any CPU.Build.0 = Release|Any CPU
		{2514152E-62F7-4D2B-84A6-86D1B3D067B1}.Release|x64.ActiveCfg = Release|Any CPU
		{2514152E-62F7-4D2B-84A6-86D1B3D067B1}.Release|x64.Build.0 = Release|Any CPU
	EndGlobalSection
	GlobalSection(SolutionProperties) = preSolution
		HideSolutionNode = FALSE
	EndGlobalSection
	GlobalSection(NestedProjects) = preSolution
		{4EE824C7-1F21-43E9-9FDE-0780A2BC7450} = {4712C9F6-9044-4F15-BA38-060F54F8509B}
		{785D6497-1B5C-4CEE-A90A-75DD433DBADA} = {7BE51232-B53C-4CA5-B909-573B0E3AA8DB}
		{A7C86562-74E5-41B4-8B13-7DE1683E78E3} = {E41D30C7-CC27-47AE-94C2-5F30747404AB}
		{AB121CA0-A346-4878-8048-9D4EA13DE7D6} = {39E535F9-4127-4AAD-B6AC-88B9D2ED7322}
		{E41D30C7-CC27-47AE-94C2-5F30747404AB} = {AB121CA0-A346-4878-8048-9D4EA13DE7D6}
		{2457801A-43A8-4BB3-8302-123E33B82569} = {AB121CA0-A346-4878-8048-9D4EA13DE7D6}
		{30EBB36E-ACD5-4A1E-9FC4-968B212A8B01} = {AB121CA0-A346-4878-8048-9D4EA13DE7D6}
		{41724446-B331-43A4-9E5A-2DD1155508BD} = {AB121CA0-A346-4878-8048-9D4EA13DE7D6}
		{D699CC85-3D29-4850-9DAB-8D25FADECB86} = {39E535F9-4127-4AAD-B6AC-88B9D2ED7322}
		{CBEF2105-8BD8-4390-B621-4DC5CB9E4895} = {D699CC85-3D29-4850-9DAB-8D25FADECB86}
		{5EE2733F-96B9-4DC5-A591-D994D4F24E3C} = {D699CC85-3D29-4850-9DAB-8D25FADECB86}
		{12B209C3-F356-4205-9EE0-590CC62803C7} = {D699CC85-3D29-4850-9DAB-8D25FADECB86}
		{E67E4589-CC9D-4B4F-82CC-E19D50218F2D} = {39E535F9-4127-4AAD-B6AC-88B9D2ED7322}
		{5BA57EA0-1D95-41F8-98FE-E246D7C90505} = {E67E4589-CC9D-4B4F-82CC-E19D50218F2D}
		{74A4ADE8-88B9-4203-8491-9D556137C6ED} = {41724446-B331-43A4-9E5A-2DD1155508BD}
		{C5DAEBC1-4F14-49B9-A3EF-2D2F547196EF} = {30EBB36E-ACD5-4A1E-9FC4-968B212A8B01}
		{0E2046B0-784A-477F-B4B7-7D228AE94AEC} = {2457801A-43A8-4BB3-8302-123E33B82569}
		{7A32020B-C494-4DAE-9135-18632BBB1894} = {CBEF2105-8BD8-4390-B621-4DC5CB9E4895}
		{16B6C246-5D0E-4065-8DA1-39A4FFEF621A} = {5EE2733F-96B9-4DC5-A591-D994D4F24E3C}
		{32F0476C-B785-470C-B29D-BF20B99F977E} = {12B209C3-F356-4205-9EE0-590CC62803C7}
		{214D7C81-D540-4EB3-A829-27500DECA8F8} = {5BA57EA0-1D95-41F8-98FE-E246D7C90505}
		{4D3678D6-3CCC-4AF9-8698-08AE5E3E3C51} = {E41D30C7-CC27-47AE-94C2-5F30747404AB}
		{2FBCF1CC-BE17-4512-902B-9FCFA8A15A8C} = {2457801A-43A8-4BB3-8302-123E33B82569}
		{E9CCD9BE-9566-459F-825F-27D2DA9BB58A} = {30EBB36E-ACD5-4A1E-9FC4-968B212A8B01}
		{49A169A3-F2CB-441D-A3E1-2D6F62FD2F4F} = {41724446-B331-43A4-9E5A-2DD1155508BD}
		{3EAEEBF4-0B50-4D7A-AFDA-914E1920F4CA} = {CBEF2105-8BD8-4390-B621-4DC5CB9E4895}
		{5F091B69-2ADA-4FE0-85A1-3438459C92BD} = {5EE2733F-96B9-4DC5-A591-D994D4F24E3C}
		{A2EE6C15-75BC-4B42-BFBF-4BC17EFC0B5A} = {12B209C3-F356-4205-9EE0-590CC62803C7}
		{DED766DD-EF16-447B-9804-9EFB4559D4FF} = {5BA57EA0-1D95-41F8-98FE-E246D7C90505}
		{BB69A3D1-2E83-4792-BB35-9DC6B0520224} = {8DB4A612-EF80-4404-BEC6-833FAC835D71}
		{F70ACFA5-EA81-4AE4-8CE5-59E7A4286D2A} = {4EF748A9-A81D-4232-B0D8-27A22179C854}
		{2514152E-62F7-4D2B-84A6-86D1B3D067B1} = {F70ACFA5-EA81-4AE4-8CE5-59E7A4286D2A}
	EndGlobalSection
	GlobalSection(ExtensibilityGlobals) = postSolution
		SolutionGuid = {1FF88BC6-7E4F-4CFC-B7DF-A5FFB8F2DBC5}
	EndGlobalSection
EndGlobal
