
Microsoft Visual Studio Solution File, Format Version 12.00
# Visual Studio Version 16
VisualStudioVersion = 16.0.31624.102
MinimumVisualStudioVersion = 10.0.40219.1
Project("{2150E333-8FDC-42A3-9474-1A3956D46DE8}") = "Solution Items", "Solution Items", "{2BC50BD4-76E3-4F97-AD23-5D95CCAF73F1}"
EndProject
Project("{2150E333-8FDC-42A3-9474-1A3956D46DE8}") = "Client", "Client", "{251AE283-386C-4F5E-9A6F-F0512A0D4A5A}"
EndProject
Project("{2150E333-8FDC-42A3-9474-1A3956D46DE8}") = "Components", "Components", "{545EF156-4A73-44CF-A3DB-C1F49C76F8E3}"
EndProject
Project("{2150E333-8FDC-42A3-9474-1A3956D46DE8}") = "Modeling", "Modeling", "{E6F8E1AD-D246-4BA3-8EBA-D178B7344C6F}"
EndProject
Project("{2150E333-8FDC-42A3-9474-1A3956D46DE8}") = "Access", "Access", "{40C4150A-342B-4B98-BC3A-05D68F4B23E8}"
EndProject
Project("{2150E333-8FDC-42A3-9474-1A3956D46DE8}") = "Manager", "Manager", "{89C2DE66-CC7D-4FED-9E90-C3ACBF58D017}"
EndProject
Project("{2150E333-8FDC-42A3-9474-1A3956D46DE8}") = "Engine", "Engine", "{137C9B3A-ECB4-44A7-A87E-5279E069800F}"
EndProject
Project("{F088123C-0E9E-452A-89E6-6BA2F21D5CAC}") = "Gamer.Modeling", "Modeling\Gamer.Modeling.modelproj", "{E3E3B3E3-63D2-4F93-AB3B-CDFB41D21C73}"
EndProject
Project("{2150E333-8FDC-42A3-9474-1A3956D46DE8}") = "Framework", "Framework", "{C28D13A8-B587-4002-B028-835E49189203}"
EndProject
Project("{9A19103F-16F7-4668-BE54-9A1E7A4F7556}") = "Framework.Common", "Framework.Common\Framework.Common.csproj", "{6DB24183-40B8-45F3-8A1B-99B3CC270C7E}"
EndProject
Project("{9A19103F-16F7-4668-BE54-9A1E7A4F7556}") = "Access.Player.Interface", "Access.Player.Interface\Access.Player.Interface.csproj", "{466E347E-9617-4347-8BE9-EAC2681EE05B}"
EndProject
Project("{9A19103F-16F7-4668-BE54-9A1E7A4F7556}") = "Access.Player.Service", "Access.Player.Service\Access.Player.Service.csproj", "{0582E38A-5211-4580-83EB-94B2D25CC88B}"
EndProject
Project("{9A19103F-16F7-4668-BE54-9A1E7A4F7556}") = "Access.Tile.Interface", "Access.Tile.Interface\Access.Tile.Interface.csproj", "{A25CD4D7-5305-40BA-A584-FA0B67E33768}"
EndProject
Project("{9A19103F-16F7-4668-BE54-9A1E7A4F7556}") = "Access.Tile.Service", "Access.Tile.Service\Access.Tile.Service.csproj", "{CF94D19B-3689-4A43-BD15-8D0E5DA2038C}"
EndProject
Project("{9A19103F-16F7-4668-BE54-9A1E7A4F7556}") = "Engine.Board.Interface", "Engine.Board.Interface\Engine.Board.Interface.csproj", "{FC44938F-8DE2-42C1-83D3-718DA3C08F23}"
EndProject
Project("{9A19103F-16F7-4668-BE54-9A1E7A4F7556}") = "Engine.GamePlay.Interface", "Engine.GamePlay.Interface\Engine.GamePlay.Interface.csproj", "{027F8D48-1231-4983-A7E7-D79250984EFC}"
EndProject
Project("{9A19103F-16F7-4668-BE54-9A1E7A4F7556}") = "Engine.Player.Interface", "Engine.Player.Interface\Engine.Player.Interface.csproj", "{32576204-A150-40E4-AE29-89EBF62A8E78}"
EndProject
Project("{9A19103F-16F7-4668-BE54-9A1E7A4F7556}") = "Engine.Board.Service", "Engine.Board.Service\Engine.Board.Service.csproj", "{B69DDE0B-2C37-44CA-A1CE-20EF26944645}"
EndProject
Project("{9A19103F-16F7-4668-BE54-9A1E7A4F7556}") = "Engine.GamePlay.Service", "Engine.GamePlay.Service\Engine.GamePlay.Service.csproj", "{E21432B7-3428-4CAA-ACA0-8FC09B8304B1}"
EndProject
Project("{9A19103F-16F7-4668-BE54-9A1E7A4F7556}") = "Engine.Player.Service", "Engine.Player.Service\Engine.Player.Service.csproj", "{EC5E6FAF-12A5-480C-8FE3-EF302431749D}"
EndProject
Project("{9A19103F-16F7-4668-BE54-9A1E7A4F7556}") = "Manager.Player.Service", "Manager.Player.Service\Manager.Player.Service.csproj", "{517581E7-6FA7-426B-A8B3-F3312463A8B4}"
EndProject
Project("{9A19103F-16F7-4668-BE54-9A1E7A4F7556}") = "Manager.Turn.Service", "Manager.Turn.Service\Manager.Turn.Service.csproj", "{32DD2EAD-09F0-4E40-A44B-1BF5B41CA758}"
EndProject
Project("{9A19103F-16F7-4668-BE54-9A1E7A4F7556}") = "Manager.Player.Interface", "Manager.Player.Interface\Manager.Player.Interface.csproj", "{6CBAF66D-4A36-4132-93D7-38FBCD46E89C}"
EndProject
Project("{9A19103F-16F7-4668-BE54-9A1E7A4F7556}") = "Manager.Turn.Interface", "Manager.Turn.Interface\Manager.Turn.Interface.csproj", "{DE3B854F-D7D6-4126-9676-041A7B10D77F}"
EndProject
Project("{2150E333-8FDC-42A3-9474-1A3956D46DE8}") = "Player", "Player", "{BABCB534-BF97-4A88-8798-296BEDFA59AF}"
EndProject
Project("{2150E333-8FDC-42A3-9474-1A3956D46DE8}") = "Tile", "Tile", "{4EFE394C-5EA2-4235-9990-9838A5E37AAB}"
EndProject
Project("{2150E333-8FDC-42A3-9474-1A3956D46DE8}") = "Utilities", "Utilities", "{EB5ABF8F-1FF0-4B0A-A881-D6E4C2D67DA4}"
EndProject
Project("{2150E333-8FDC-42A3-9474-1A3956D46DE8}") = "Messaging", "Messaging", "{EB88254F-F2FF-453B-BE7F-561050EA3200}"
EndProject
Project("{2150E333-8FDC-42A3-9474-1A3956D46DE8}") = "Caching", "Caching", "{4B235D82-EBD5-40C1-9105-56DCB40C0664}"
EndProject
Project("{9A19103F-16F7-4668-BE54-9A1E7A4F7556}") = "Util.Caching", "Util.Caching\Util.Caching.csproj", "{06D89CE4-5D4B-4E0D-AE94-A1E7FCF42894}"
EndProject
Project("{9A19103F-16F7-4668-BE54-9A1E7A4F7556}") = "Util.ServiceMessaging", "Util.ServiceMessaging\Util.ServiceMessaging.csproj", "{FAF795BA-757B-4E1E-AD9B-5CA00EBC1B41}"
EndProject
Project("{2150E333-8FDC-42A3-9474-1A3956D46DE8}") = "Player", "Player", "{A17342D1-E023-4654-8704-6415A3C145C9}"
EndProject
Project("{2150E333-8FDC-42A3-9474-1A3956D46DE8}") = "Turn", "Turn", "{8A291F60-E7A7-4FFE-8CD4-DC461C22F938}"
EndProject
Project("{2150E333-8FDC-42A3-9474-1A3956D46DE8}") = "Board", "Board", "{11B27665-2514-4FA9-9083-EF33B56EA9E0}"
EndProject
Project("{2150E333-8FDC-42A3-9474-1A3956D46DE8}") = "GamePlay", "GamePlay", "{D850D424-7D5F-4618-BB4A-6B4D035C8E9F}"
EndProject
Project("{2150E333-8FDC-42A3-9474-1A3956D46DE8}") = "Player", "Player", "{26D02DB0-7620-4901-BDD5-AE5BCE813EF2}"
EndProject
Project("{FAE04EC0-301F-11D3-BF4B-00C04F79EFBC}") = "Client.ConsoleApp", "Client.ConsoleApp\Client.ConsoleApp.csproj", "{D541333B-1570-4EDB-AAD0-00FF06BE927B}"
EndProject
Project("{FAE04EC0-301F-11D3-BF4B-00C04F79EFBC}") = "Framework.Client", "Framework.Client\Framework.Client.csproj", "{795B81C1-69CF-4A23-81F7-EF947A1C10B3}"
EndProject
Project("{2150E333-8FDC-42A3-9474-1A3956D46DE8}") = "GameSession", "GameSession", "{71492E6C-D4ED-428E-B3B7-F1BA128974A7}"
EndProject
Project("{FAE04EC0-301F-11D3-BF4B-00C04F79EFBC}") = "Access.GameSession.Interface", "Access.GameSession.Interface\Access.GameSession.Interface.csproj", "{59FE67D2-B6F1-493E-8786-696518F20583}"
EndProject
Project("{FAE04EC0-301F-11D3-BF4B-00C04F79EFBC}") = "Access.GameSession.Service", "Access.GameSession.Service\Access.GameSession.Service.csproj", "{ED649CCD-AA33-4BB5-AE0D-986265B19A0E}"
EndProject
Project("{FAE04EC0-301F-11D3-BF4B-00C04F79EFBC}") = "Access.GameSession.Test", "Access.GameSession.Test\Access.GameSession.Test.csproj", "{316FE5BF-3583-413A-89D2-2A9D96258797}"
EndProject
Project("{2150E333-8FDC-42A3-9474-1A3956D46DE8}") = "GamePlay", "GamePlay", "{F02F9924-DD1E-4609-AF15-53715CDED44C}"
EndProject
Project("{FAE04EC0-301F-11D3-BF4B-00C04F79EFBC}") = "Manager.GamePlay.Service", "Manager.GamePlay.Service\Manager.GamePlay.Service.csproj", "{A4380798-D552-46DC-AC4C-77E1591D54D4}"
EndProject
Project("{FAE04EC0-301F-11D3-BF4B-00C04F79EFBC}") = "Manager.GamePlay.Interface", "Manager.GamePlay.Interface\Manager.GamePlay.Interface.csproj", "{A5F9D45B-9879-48AC-859B-FF909077B76A}"
EndProject
Project("{2150E333-8FDC-42A3-9474-1A3956D46DE8}") = "GameDefinition", "GameDefinition", "{85B68DEC-4365-48DA-B0CB-ADD121F8BFE6}"
EndProject
Project("{FAE04EC0-301F-11D3-BF4B-00C04F79EFBC}") = "Access.GameDefinition.Interface", "Access.GameDefinition.Interface\Access.GameDefinition.Interface.csproj", "{A0CD5B66-57D1-4D5E-84AD-FF65389A787D}"
EndProject
Project("{FAE04EC0-301F-11D3-BF4B-00C04F79EFBC}") = "Access.GameDefinition.Service", "Access.GameDefinition.Service\Access.GameDefinition.Service.csproj", "{BBF4F344-B41E-4C9F-B587-8E5E1235DB1D}"
EndProject
Project("{FAE04EC0-301F-11D3-BF4B-00C04F79EFBC}") = "Access.GameDefinition.Test", "Access.GameDefinition.Test\Access.GameDefinition.Test.csproj", "{85F4FAC4-27A5-43C9-ABF6-7AB889400E65}"
EndProject
Project("{FAE04EC0-301F-11D3-BF4B-00C04F79EFBC}") = "Access.Player.Test", "Access.Player.Test\Access.Player.Test.csproj", "{A9B1EC28-B51B-49DD-841E-43A8B0D90AD6}"
EndProject
Project("{FAE04EC0-301F-11D3-BF4B-00C04F79EFBC}") = "Access.Tile.Test", "Access.Tile.Test\Access.Tile.Test.csproj", "{1BBD9296-FC56-4918-87C5-12B6577D17D5}"
EndProject
Project("{FAE04EC0-301F-11D3-BF4B-00C04F79EFBC}") = "Engine.Board.Test", "Engine.Board.Test\Engine.Board.Test.csproj", "{B32B0A59-F6A3-4372-B3D3-D49E15718309}"
EndProject
Project("{FAE04EC0-301F-11D3-BF4B-00C04F79EFBC}") = "Engine.GamePlay.Test", "Engine.GamePlay.Test\Engine.GamePlay.Test.csproj", "{7BAC1FC5-46E2-4FB9-B4E0-C53981D7249F}"
EndProject
Project("{FAE04EC0-301F-11D3-BF4B-00C04F79EFBC}") = "Engine.Player.Test", "Engine.Player.Test\Engine.Player.Test.csproj", "{D0210BE1-CF7F-41AC-BA81-608A7D02E0D5}"
EndProject
Project("{FAE04EC0-301F-11D3-BF4B-00C04F79EFBC}") = "Manager.GamePlay.Test", "Manager.GamePlay.Test\Manager.GamePlay.Test.csproj", "{5B0D40F8-AAE3-4911-87EA-1DCB64F29BAB}"
EndProject
Project("{FAE04EC0-301F-11D3-BF4B-00C04F79EFBC}") = "Manager.Turn.Test", "Manager.Turn.Test\Manager.Turn.Test.csproj", "{F6139209-43E5-4430-9226-FA9B4AA9943D}"
EndProject
Project("{FAE04EC0-301F-11D3-BF4B-00C04F79EFBC}") = "Manager.Player.Test", "Manager.Player.Test\Manager.Player.Test.csproj", "{6E4ACA37-B155-4358-B540-F4FC1097CD4B}"
EndProject
Project("{2150E333-8FDC-42A3-9474-1A3956D46DE8}") = "TurnValidation", "TurnValidation", "{EEDECA20-AB4D-4C35-926C-4C8211F96D92}"
EndProject
Project("{FAE04EC0-301F-11D3-BF4B-00C04F79EFBC}") = "Engine.TurnValidation.Interface", "Engine.TurnValidation.Interface\Engine.TurnValidation.Interface.csproj", "{FFC82FD4-A68A-4854-94A4-BD62A5FBB303}"
EndProject
Project("{FAE04EC0-301F-11D3-BF4B-00C04F79EFBC}") = "Engine.TurnValidation.Service", "Engine.TurnValidation.Service\Engine.TurnValidation.Service.csproj", "{09E89CE5-966A-4CED-A222-AD77F291AF46}"
EndProject
Global
	GlobalSection(SolutionConfigurationPlatforms) = preSolution
		Debug|Any CPU = Debug|Any CPU
		Release|Any CPU = Release|Any CPU
	EndGlobalSection
	GlobalSection(ProjectConfigurationPlatforms) = postSolution
		{E3E3B3E3-63D2-4F93-AB3B-CDFB41D21C73}.Debug|Any CPU.ActiveCfg = Debug|Any CPU
		{E3E3B3E3-63D2-4F93-AB3B-CDFB41D21C73}.Debug|Any CPU.Build.0 = Debug|Any CPU
		{E3E3B3E3-63D2-4F93-AB3B-CDFB41D21C73}.Release|Any CPU.ActiveCfg = Release|Any CPU
		{E3E3B3E3-63D2-4F93-AB3B-CDFB41D21C73}.Release|Any CPU.Build.0 = Release|Any CPU
		{6DB24183-40B8-45F3-8A1B-99B3CC270C7E}.Debug|Any CPU.ActiveCfg = Debug|Any CPU
		{6DB24183-40B8-45F3-8A1B-99B3CC270C7E}.Debug|Any CPU.Build.0 = Debug|Any CPU
		{6DB24183-40B8-45F3-8A1B-99B3CC270C7E}.Release|Any CPU.ActiveCfg = Release|Any CPU
		{6DB24183-40B8-45F3-8A1B-99B3CC270C7E}.Release|Any CPU.Build.0 = Release|Any CPU
		{466E347E-9617-4347-8BE9-EAC2681EE05B}.Debug|Any CPU.ActiveCfg = Debug|Any CPU
		{466E347E-9617-4347-8BE9-EAC2681EE05B}.Debug|Any CPU.Build.0 = Debug|Any CPU
		{466E347E-9617-4347-8BE9-EAC2681EE05B}.Release|Any CPU.ActiveCfg = Release|Any CPU
		{466E347E-9617-4347-8BE9-EAC2681EE05B}.Release|Any CPU.Build.0 = Release|Any CPU
		{0582E38A-5211-4580-83EB-94B2D25CC88B}.Debug|Any CPU.ActiveCfg = Debug|Any CPU
		{0582E38A-5211-4580-83EB-94B2D25CC88B}.Debug|Any CPU.Build.0 = Debug|Any CPU
		{0582E38A-5211-4580-83EB-94B2D25CC88B}.Release|Any CPU.ActiveCfg = Release|Any CPU
		{0582E38A-5211-4580-83EB-94B2D25CC88B}.Release|Any CPU.Build.0 = Release|Any CPU
		{A25CD4D7-5305-40BA-A584-FA0B67E33768}.Debug|Any CPU.ActiveCfg = Debug|Any CPU
		{A25CD4D7-5305-40BA-A584-FA0B67E33768}.Debug|Any CPU.Build.0 = Debug|Any CPU
		{A25CD4D7-5305-40BA-A584-FA0B67E33768}.Release|Any CPU.ActiveCfg = Release|Any CPU
		{A25CD4D7-5305-40BA-A584-FA0B67E33768}.Release|Any CPU.Build.0 = Release|Any CPU
		{CF94D19B-3689-4A43-BD15-8D0E5DA2038C}.Debug|Any CPU.ActiveCfg = Debug|Any CPU
		{CF94D19B-3689-4A43-BD15-8D0E5DA2038C}.Debug|Any CPU.Build.0 = Debug|Any CPU
		{CF94D19B-3689-4A43-BD15-8D0E5DA2038C}.Release|Any CPU.ActiveCfg = Release|Any CPU
		{CF94D19B-3689-4A43-BD15-8D0E5DA2038C}.Release|Any CPU.Build.0 = Release|Any CPU
		{FC44938F-8DE2-42C1-83D3-718DA3C08F23}.Debug|Any CPU.ActiveCfg = Debug|Any CPU
		{FC44938F-8DE2-42C1-83D3-718DA3C08F23}.Debug|Any CPU.Build.0 = Debug|Any CPU
		{FC44938F-8DE2-42C1-83D3-718DA3C08F23}.Release|Any CPU.ActiveCfg = Release|Any CPU
		{FC44938F-8DE2-42C1-83D3-718DA3C08F23}.Release|Any CPU.Build.0 = Release|Any CPU
		{027F8D48-1231-4983-A7E7-D79250984EFC}.Debug|Any CPU.ActiveCfg = Debug|Any CPU
		{027F8D48-1231-4983-A7E7-D79250984EFC}.Debug|Any CPU.Build.0 = Debug|Any CPU
		{027F8D48-1231-4983-A7E7-D79250984EFC}.Release|Any CPU.ActiveCfg = Release|Any CPU
		{027F8D48-1231-4983-A7E7-D79250984EFC}.Release|Any CPU.Build.0 = Release|Any CPU
		{32576204-A150-40E4-AE29-89EBF62A8E78}.Debug|Any CPU.ActiveCfg = Debug|Any CPU
		{32576204-A150-40E4-AE29-89EBF62A8E78}.Debug|Any CPU.Build.0 = Debug|Any CPU
		{32576204-A150-40E4-AE29-89EBF62A8E78}.Release|Any CPU.ActiveCfg = Release|Any CPU
		{32576204-A150-40E4-AE29-89EBF62A8E78}.Release|Any CPU.Build.0 = Release|Any CPU
		{B69DDE0B-2C37-44CA-A1CE-20EF26944645}.Debug|Any CPU.ActiveCfg = Debug|Any CPU
		{B69DDE0B-2C37-44CA-A1CE-20EF26944645}.Debug|Any CPU.Build.0 = Debug|Any CPU
		{B69DDE0B-2C37-44CA-A1CE-20EF26944645}.Release|Any CPU.ActiveCfg = Release|Any CPU
		{B69DDE0B-2C37-44CA-A1CE-20EF26944645}.Release|Any CPU.Build.0 = Release|Any CPU
		{E21432B7-3428-4CAA-ACA0-8FC09B8304B1}.Debug|Any CPU.ActiveCfg = Debug|Any CPU
		{E21432B7-3428-4CAA-ACA0-8FC09B8304B1}.Debug|Any CPU.Build.0 = Debug|Any CPU
		{E21432B7-3428-4CAA-ACA0-8FC09B8304B1}.Release|Any CPU.ActiveCfg = Release|Any CPU
		{E21432B7-3428-4CAA-ACA0-8FC09B8304B1}.Release|Any CPU.Build.0 = Release|Any CPU
		{EC5E6FAF-12A5-480C-8FE3-EF302431749D}.Debug|Any CPU.ActiveCfg = Debug|Any CPU
		{EC5E6FAF-12A5-480C-8FE3-EF302431749D}.Debug|Any CPU.Build.0 = Debug|Any CPU
		{EC5E6FAF-12A5-480C-8FE3-EF302431749D}.Release|Any CPU.ActiveCfg = Release|Any CPU
		{EC5E6FAF-12A5-480C-8FE3-EF302431749D}.Release|Any CPU.Build.0 = Release|Any CPU
		{517581E7-6FA7-426B-A8B3-F3312463A8B4}.Debug|Any CPU.ActiveCfg = Debug|Any CPU
		{517581E7-6FA7-426B-A8B3-F3312463A8B4}.Debug|Any CPU.Build.0 = Debug|Any CPU
		{517581E7-6FA7-426B-A8B3-F3312463A8B4}.Release|Any CPU.ActiveCfg = Release|Any CPU
		{517581E7-6FA7-426B-A8B3-F3312463A8B4}.Release|Any CPU.Build.0 = Release|Any CPU
		{32DD2EAD-09F0-4E40-A44B-1BF5B41CA758}.Debug|Any CPU.ActiveCfg = Debug|Any CPU
		{32DD2EAD-09F0-4E40-A44B-1BF5B41CA758}.Debug|Any CPU.Build.0 = Debug|Any CPU
		{32DD2EAD-09F0-4E40-A44B-1BF5B41CA758}.Release|Any CPU.ActiveCfg = Release|Any CPU
		{32DD2EAD-09F0-4E40-A44B-1BF5B41CA758}.Release|Any CPU.Build.0 = Release|Any CPU
		{6CBAF66D-4A36-4132-93D7-38FBCD46E89C}.Debug|Any CPU.ActiveCfg = Debug|Any CPU
		{6CBAF66D-4A36-4132-93D7-38FBCD46E89C}.Debug|Any CPU.Build.0 = Debug|Any CPU
		{6CBAF66D-4A36-4132-93D7-38FBCD46E89C}.Release|Any CPU.ActiveCfg = Release|Any CPU
		{6CBAF66D-4A36-4132-93D7-38FBCD46E89C}.Release|Any CPU.Build.0 = Release|Any CPU
		{DE3B854F-D7D6-4126-9676-041A7B10D77F}.Debug|Any CPU.ActiveCfg = Debug|Any CPU
		{DE3B854F-D7D6-4126-9676-041A7B10D77F}.Debug|Any CPU.Build.0 = Debug|Any CPU
		{DE3B854F-D7D6-4126-9676-041A7B10D77F}.Release|Any CPU.ActiveCfg = Release|Any CPU
		{DE3B854F-D7D6-4126-9676-041A7B10D77F}.Release|Any CPU.Build.0 = Release|Any CPU
		{06D89CE4-5D4B-4E0D-AE94-A1E7FCF42894}.Debug|Any CPU.ActiveCfg = Debug|Any CPU
		{06D89CE4-5D4B-4E0D-AE94-A1E7FCF42894}.Debug|Any CPU.Build.0 = Debug|Any CPU
		{06D89CE4-5D4B-4E0D-AE94-A1E7FCF42894}.Release|Any CPU.ActiveCfg = Release|Any CPU
		{06D89CE4-5D4B-4E0D-AE94-A1E7FCF42894}.Release|Any CPU.Build.0 = Release|Any CPU
		{FAF795BA-757B-4E1E-AD9B-5CA00EBC1B41}.Debug|Any CPU.ActiveCfg = Debug|Any CPU
		{FAF795BA-757B-4E1E-AD9B-5CA00EBC1B41}.Debug|Any CPU.Build.0 = Debug|Any CPU
		{FAF795BA-757B-4E1E-AD9B-5CA00EBC1B41}.Release|Any CPU.ActiveCfg = Release|Any CPU
		{FAF795BA-757B-4E1E-AD9B-5CA00EBC1B41}.Release|Any CPU.Build.0 = Release|Any CPU
		{D541333B-1570-4EDB-AAD0-00FF06BE927B}.Debug|Any CPU.ActiveCfg = Debug|Any CPU
		{D541333B-1570-4EDB-AAD0-00FF06BE927B}.Debug|Any CPU.Build.0 = Debug|Any CPU
		{D541333B-1570-4EDB-AAD0-00FF06BE927B}.Release|Any CPU.ActiveCfg = Release|Any CPU
		{D541333B-1570-4EDB-AAD0-00FF06BE927B}.Release|Any CPU.Build.0 = Release|Any CPU
		{795B81C1-69CF-4A23-81F7-EF947A1C10B3}.Debug|Any CPU.ActiveCfg = Debug|Any CPU
		{795B81C1-69CF-4A23-81F7-EF947A1C10B3}.Debug|Any CPU.Build.0 = Debug|Any CPU
		{795B81C1-69CF-4A23-81F7-EF947A1C10B3}.Release|Any CPU.ActiveCfg = Release|Any CPU
		{795B81C1-69CF-4A23-81F7-EF947A1C10B3}.Release|Any CPU.Build.0 = Release|Any CPU
		{59FE67D2-B6F1-493E-8786-696518F20583}.Debug|Any CPU.ActiveCfg = Debug|Any CPU
		{59FE67D2-B6F1-493E-8786-696518F20583}.Debug|Any CPU.Build.0 = Debug|Any CPU
		{59FE67D2-B6F1-493E-8786-696518F20583}.Release|Any CPU.ActiveCfg = Release|Any CPU
		{59FE67D2-B6F1-493E-8786-696518F20583}.Release|Any CPU.Build.0 = Release|Any CPU
		{ED649CCD-AA33-4BB5-AE0D-986265B19A0E}.Debug|Any CPU.ActiveCfg = Debug|Any CPU
		{ED649CCD-AA33-4BB5-AE0D-986265B19A0E}.Debug|Any CPU.Build.0 = Debug|Any CPU
		{ED649CCD-AA33-4BB5-AE0D-986265B19A0E}.Release|Any CPU.ActiveCfg = Release|Any CPU
		{ED649CCD-AA33-4BB5-AE0D-986265B19A0E}.Release|Any CPU.Build.0 = Release|Any CPU
		{316FE5BF-3583-413A-89D2-2A9D96258797}.Debug|Any CPU.ActiveCfg = Debug|Any CPU
		{316FE5BF-3583-413A-89D2-2A9D96258797}.Debug|Any CPU.Build.0 = Debug|Any CPU
		{316FE5BF-3583-413A-89D2-2A9D96258797}.Release|Any CPU.ActiveCfg = Release|Any CPU
		{316FE5BF-3583-413A-89D2-2A9D96258797}.Release|Any CPU.Build.0 = Release|Any CPU
		{A4380798-D552-46DC-AC4C-77E1591D54D4}.Debug|Any CPU.ActiveCfg = Debug|Any CPU
		{A4380798-D552-46DC-AC4C-77E1591D54D4}.Debug|Any CPU.Build.0 = Debug|Any CPU
		{A4380798-D552-46DC-AC4C-77E1591D54D4}.Release|Any CPU.ActiveCfg = Release|Any CPU
		{A4380798-D552-46DC-AC4C-77E1591D54D4}.Release|Any CPU.Build.0 = Release|Any CPU
		{A5F9D45B-9879-48AC-859B-FF909077B76A}.Debug|Any CPU.ActiveCfg = Debug|Any CPU
		{A5F9D45B-9879-48AC-859B-FF909077B76A}.Debug|Any CPU.Build.0 = Debug|Any CPU
		{A5F9D45B-9879-48AC-859B-FF909077B76A}.Release|Any CPU.ActiveCfg = Release|Any CPU
		{A5F9D45B-9879-48AC-859B-FF909077B76A}.Release|Any CPU.Build.0 = Release|Any CPU
		{A0CD5B66-57D1-4D5E-84AD-FF65389A787D}.Debug|Any CPU.ActiveCfg = Debug|Any CPU
		{A0CD5B66-57D1-4D5E-84AD-FF65389A787D}.Debug|Any CPU.Build.0 = Debug|Any CPU
		{A0CD5B66-57D1-4D5E-84AD-FF65389A787D}.Release|Any CPU.ActiveCfg = Release|Any CPU
		{A0CD5B66-57D1-4D5E-84AD-FF65389A787D}.Release|Any CPU.Build.0 = Release|Any CPU
		{BBF4F344-B41E-4C9F-B587-8E5E1235DB1D}.Debug|Any CPU.ActiveCfg = Debug|Any CPU
		{BBF4F344-B41E-4C9F-B587-8E5E1235DB1D}.Debug|Any CPU.Build.0 = Debug|Any CPU
		{BBF4F344-B41E-4C9F-B587-8E5E1235DB1D}.Release|Any CPU.ActiveCfg = Release|Any CPU
		{BBF4F344-B41E-4C9F-B587-8E5E1235DB1D}.Release|Any CPU.Build.0 = Release|Any CPU
		{85F4FAC4-27A5-43C9-ABF6-7AB889400E65}.Debug|Any CPU.ActiveCfg = Debug|Any CPU
		{85F4FAC4-27A5-43C9-ABF6-7AB889400E65}.Debug|Any CPU.Build.0 = Debug|Any CPU
		{85F4FAC4-27A5-43C9-ABF6-7AB889400E65}.Release|Any CPU.ActiveCfg = Release|Any CPU
		{85F4FAC4-27A5-43C9-ABF6-7AB889400E65}.Release|Any CPU.Build.0 = Release|Any CPU
		{A9B1EC28-B51B-49DD-841E-43A8B0D90AD6}.Debug|Any CPU.ActiveCfg = Debug|Any CPU
		{A9B1EC28-B51B-49DD-841E-43A8B0D90AD6}.Debug|Any CPU.Build.0 = Debug|Any CPU
		{A9B1EC28-B51B-49DD-841E-43A8B0D90AD6}.Release|Any CPU.ActiveCfg = Release|Any CPU
		{A9B1EC28-B51B-49DD-841E-43A8B0D90AD6}.Release|Any CPU.Build.0 = Release|Any CPU
		{1BBD9296-FC56-4918-87C5-12B6577D17D5}.Debug|Any CPU.ActiveCfg = Debug|Any CPU
		{1BBD9296-FC56-4918-87C5-12B6577D17D5}.Debug|Any CPU.Build.0 = Debug|Any CPU
		{1BBD9296-FC56-4918-87C5-12B6577D17D5}.Release|Any CPU.ActiveCfg = Release|Any CPU
		{1BBD9296-FC56-4918-87C5-12B6577D17D5}.Release|Any CPU.Build.0 = Release|Any CPU
		{B32B0A59-F6A3-4372-B3D3-D49E15718309}.Debug|Any CPU.ActiveCfg = Debug|Any CPU
		{B32B0A59-F6A3-4372-B3D3-D49E15718309}.Debug|Any CPU.Build.0 = Debug|Any CPU
		{B32B0A59-F6A3-4372-B3D3-D49E15718309}.Release|Any CPU.ActiveCfg = Release|Any CPU
		{B32B0A59-F6A3-4372-B3D3-D49E15718309}.Release|Any CPU.Build.0 = Release|Any CPU
		{7BAC1FC5-46E2-4FB9-B4E0-C53981D7249F}.Debug|Any CPU.ActiveCfg = Debug|Any CPU
		{7BAC1FC5-46E2-4FB9-B4E0-C53981D7249F}.Debug|Any CPU.Build.0 = Debug|Any CPU
		{7BAC1FC5-46E2-4FB9-B4E0-C53981D7249F}.Release|Any CPU.ActiveCfg = Release|Any CPU
		{7BAC1FC5-46E2-4FB9-B4E0-C53981D7249F}.Release|Any CPU.Build.0 = Release|Any CPU
		{D0210BE1-CF7F-41AC-BA81-608A7D02E0D5}.Debug|Any CPU.ActiveCfg = Debug|Any CPU
		{D0210BE1-CF7F-41AC-BA81-608A7D02E0D5}.Debug|Any CPU.Build.0 = Debug|Any CPU
		{D0210BE1-CF7F-41AC-BA81-608A7D02E0D5}.Release|Any CPU.ActiveCfg = Release|Any CPU
		{D0210BE1-CF7F-41AC-BA81-608A7D02E0D5}.Release|Any CPU.Build.0 = Release|Any CPU
		{5B0D40F8-AAE3-4911-87EA-1DCB64F29BAB}.Debug|Any CPU.ActiveCfg = Debug|Any CPU
		{5B0D40F8-AAE3-4911-87EA-1DCB64F29BAB}.Debug|Any CPU.Build.0 = Debug|Any CPU
		{5B0D40F8-AAE3-4911-87EA-1DCB64F29BAB}.Release|Any CPU.ActiveCfg = Release|Any CPU
		{5B0D40F8-AAE3-4911-87EA-1DCB64F29BAB}.Release|Any CPU.Build.0 = Release|Any CPU
		{F6139209-43E5-4430-9226-FA9B4AA9943D}.Debug|Any CPU.ActiveCfg = Debug|Any CPU
		{F6139209-43E5-4430-9226-FA9B4AA9943D}.Debug|Any CPU.Build.0 = Debug|Any CPU
		{F6139209-43E5-4430-9226-FA9B4AA9943D}.Release|Any CPU.ActiveCfg = Release|Any CPU
		{F6139209-43E5-4430-9226-FA9B4AA9943D}.Release|Any CPU.Build.0 = Release|Any CPU
		{6E4ACA37-B155-4358-B540-F4FC1097CD4B}.Debug|Any CPU.ActiveCfg = Debug|Any CPU
		{6E4ACA37-B155-4358-B540-F4FC1097CD4B}.Debug|Any CPU.Build.0 = Debug|Any CPU
		{6E4ACA37-B155-4358-B540-F4FC1097CD4B}.Release|Any CPU.ActiveCfg = Release|Any CPU
		{6E4ACA37-B155-4358-B540-F4FC1097CD4B}.Release|Any CPU.Build.0 = Release|Any CPU
		{FFC82FD4-A68A-4854-94A4-BD62A5FBB303}.Debug|Any CPU.ActiveCfg = Debug|Any CPU
		{FFC82FD4-A68A-4854-94A4-BD62A5FBB303}.Debug|Any CPU.Build.0 = Debug|Any CPU
		{FFC82FD4-A68A-4854-94A4-BD62A5FBB303}.Release|Any CPU.ActiveCfg = Release|Any CPU
		{FFC82FD4-A68A-4854-94A4-BD62A5FBB303}.Release|Any CPU.Build.0 = Release|Any CPU
		{09E89CE5-966A-4CED-A222-AD77F291AF46}.Debug|Any CPU.ActiveCfg = Debug|Any CPU
		{09E89CE5-966A-4CED-A222-AD77F291AF46}.Debug|Any CPU.Build.0 = Debug|Any CPU
		{09E89CE5-966A-4CED-A222-AD77F291AF46}.Release|Any CPU.ActiveCfg = Release|Any CPU
		{09E89CE5-966A-4CED-A222-AD77F291AF46}.Release|Any CPU.Build.0 = Release|Any CPU
	EndGlobalSection
	GlobalSection(SolutionProperties) = preSolution
		HideSolutionNode = FALSE
	EndGlobalSection
	GlobalSection(NestedProjects) = preSolution
		{40C4150A-342B-4B98-BC3A-05D68F4B23E8} = {545EF156-4A73-44CF-A3DB-C1F49C76F8E3}
		{89C2DE66-CC7D-4FED-9E90-C3ACBF58D017} = {545EF156-4A73-44CF-A3DB-C1F49C76F8E3}
		{137C9B3A-ECB4-44A7-A87E-5279E069800F} = {545EF156-4A73-44CF-A3DB-C1F49C76F8E3}
		{E3E3B3E3-63D2-4F93-AB3B-CDFB41D21C73} = {E6F8E1AD-D246-4BA3-8EBA-D178B7344C6F}
		{6DB24183-40B8-45F3-8A1B-99B3CC270C7E} = {C28D13A8-B587-4002-B028-835E49189203}
		{466E347E-9617-4347-8BE9-EAC2681EE05B} = {BABCB534-BF97-4A88-8798-296BEDFA59AF}
		{0582E38A-5211-4580-83EB-94B2D25CC88B} = {BABCB534-BF97-4A88-8798-296BEDFA59AF}
		{A25CD4D7-5305-40BA-A584-FA0B67E33768} = {4EFE394C-5EA2-4235-9990-9838A5E37AAB}
		{CF94D19B-3689-4A43-BD15-8D0E5DA2038C} = {4EFE394C-5EA2-4235-9990-9838A5E37AAB}
		{FC44938F-8DE2-42C1-83D3-718DA3C08F23} = {11B27665-2514-4FA9-9083-EF33B56EA9E0}
		{027F8D48-1231-4983-A7E7-D79250984EFC} = {D850D424-7D5F-4618-BB4A-6B4D035C8E9F}
		{32576204-A150-40E4-AE29-89EBF62A8E78} = {26D02DB0-7620-4901-BDD5-AE5BCE813EF2}
		{B69DDE0B-2C37-44CA-A1CE-20EF26944645} = {11B27665-2514-4FA9-9083-EF33B56EA9E0}
		{E21432B7-3428-4CAA-ACA0-8FC09B8304B1} = {D850D424-7D5F-4618-BB4A-6B4D035C8E9F}
		{EC5E6FAF-12A5-480C-8FE3-EF302431749D} = {26D02DB0-7620-4901-BDD5-AE5BCE813EF2}
		{517581E7-6FA7-426B-A8B3-F3312463A8B4} = {A17342D1-E023-4654-8704-6415A3C145C9}
		{32DD2EAD-09F0-4E40-A44B-1BF5B41CA758} = {8A291F60-E7A7-4FFE-8CD4-DC461C22F938}
		{6CBAF66D-4A36-4132-93D7-38FBCD46E89C} = {A17342D1-E023-4654-8704-6415A3C145C9}
		{DE3B854F-D7D6-4126-9676-041A7B10D77F} = {8A291F60-E7A7-4FFE-8CD4-DC461C22F938}
		{BABCB534-BF97-4A88-8798-296BEDFA59AF} = {40C4150A-342B-4B98-BC3A-05D68F4B23E8}
		{4EFE394C-5EA2-4235-9990-9838A5E37AAB} = {40C4150A-342B-4B98-BC3A-05D68F4B23E8}
		{EB88254F-F2FF-453B-BE7F-561050EA3200} = {EB5ABF8F-1FF0-4B0A-A881-D6E4C2D67DA4}
		{4B235D82-EBD5-40C1-9105-56DCB40C0664} = {EB5ABF8F-1FF0-4B0A-A881-D6E4C2D67DA4}
		{06D89CE4-5D4B-4E0D-AE94-A1E7FCF42894} = {4B235D82-EBD5-40C1-9105-56DCB40C0664}
		{FAF795BA-757B-4E1E-AD9B-5CA00EBC1B41} = {EB88254F-F2FF-453B-BE7F-561050EA3200}
		{A17342D1-E023-4654-8704-6415A3C145C9} = {89C2DE66-CC7D-4FED-9E90-C3ACBF58D017}
		{8A291F60-E7A7-4FFE-8CD4-DC461C22F938} = {89C2DE66-CC7D-4FED-9E90-C3ACBF58D017}
		{11B27665-2514-4FA9-9083-EF33B56EA9E0} = {137C9B3A-ECB4-44A7-A87E-5279E069800F}
		{D850D424-7D5F-4618-BB4A-6B4D035C8E9F} = {137C9B3A-ECB4-44A7-A87E-5279E069800F}
		{26D02DB0-7620-4901-BDD5-AE5BCE813EF2} = {137C9B3A-ECB4-44A7-A87E-5279E069800F}
		{D541333B-1570-4EDB-AAD0-00FF06BE927B} = {251AE283-386C-4F5E-9A6F-F0512A0D4A5A}
		{795B81C1-69CF-4A23-81F7-EF947A1C10B3} = {C28D13A8-B587-4002-B028-835E49189203}
		{71492E6C-D4ED-428E-B3B7-F1BA128974A7} = {40C4150A-342B-4B98-BC3A-05D68F4B23E8}
		{59FE67D2-B6F1-493E-8786-696518F20583} = {71492E6C-D4ED-428E-B3B7-F1BA128974A7}
		{ED649CCD-AA33-4BB5-AE0D-986265B19A0E} = {71492E6C-D4ED-428E-B3B7-F1BA128974A7}
		{316FE5BF-3583-413A-89D2-2A9D96258797} = {71492E6C-D4ED-428E-B3B7-F1BA128974A7}
		{F02F9924-DD1E-4609-AF15-53715CDED44C} = {89C2DE66-CC7D-4FED-9E90-C3ACBF58D017}
		{A4380798-D552-46DC-AC4C-77E1591D54D4} = {F02F9924-DD1E-4609-AF15-53715CDED44C}
		{A5F9D45B-9879-48AC-859B-FF909077B76A} = {F02F9924-DD1E-4609-AF15-53715CDED44C}
		{85B68DEC-4365-48DA-B0CB-ADD121F8BFE6} = {40C4150A-342B-4B98-BC3A-05D68F4B23E8}
		{A0CD5B66-57D1-4D5E-84AD-FF65389A787D} = {85B68DEC-4365-48DA-B0CB-ADD121F8BFE6}
		{BBF4F344-B41E-4C9F-B587-8E5E1235DB1D} = {85B68DEC-4365-48DA-B0CB-ADD121F8BFE6}
		{85F4FAC4-27A5-43C9-ABF6-7AB889400E65} = {85B68DEC-4365-48DA-B0CB-ADD121F8BFE6}
		{A9B1EC28-B51B-49DD-841E-43A8B0D90AD6} = {BABCB534-BF97-4A88-8798-296BEDFA59AF}
		{1BBD9296-FC56-4918-87C5-12B6577D17D5} = {4EFE394C-5EA2-4235-9990-9838A5E37AAB}
		{B32B0A59-F6A3-4372-B3D3-D49E15718309} = {11B27665-2514-4FA9-9083-EF33B56EA9E0}
		{7BAC1FC5-46E2-4FB9-B4E0-C53981D7249F} = {D850D424-7D5F-4618-BB4A-6B4D035C8E9F}
		{D0210BE1-CF7F-41AC-BA81-608A7D02E0D5} = {26D02DB0-7620-4901-BDD5-AE5BCE813EF2}
		{5B0D40F8-AAE3-4911-87EA-1DCB64F29BAB} = {F02F9924-DD1E-4609-AF15-53715CDED44C}
		{F6139209-43E5-4430-9226-FA9B4AA9943D} = {8A291F60-E7A7-4FFE-8CD4-DC461C22F938}
		{6E4ACA37-B155-4358-B540-F4FC1097CD4B} = {A17342D1-E023-4654-8704-6415A3C145C9}
		{EEDECA20-AB4D-4C35-926C-4C8211F96D92} = {137C9B3A-ECB4-44A7-A87E-5279E069800F}
		{FFC82FD4-A68A-4854-94A4-BD62A5FBB303} = {EEDECA20-AB4D-4C35-926C-4C8211F96D92}
		{09E89CE5-966A-4CED-A222-AD77F291AF46} = {EEDECA20-AB4D-4C35-926C-4C8211F96D92}
	EndGlobalSection
	GlobalSection(ExtensibilityGlobals) = postSolution
		SolutionGuid = {3E872E48-9C59-4668-9AE6-470C0C75C70F}
	EndGlobalSection
EndGlobal
